// !$*UTF8*$!
{
	archiveVersion = 1;
	classes = {
	};
	objectVersion = 46;
	objects = {

/* Begin PBXBuildFile section */
		2F1FA84B1B116D8C00170CA3 /* TMLatestEpisodesTableViewDataSourceAndDelegate.m in Sources */ = {isa = PBXBuildFile; fileRef = 2F1FA84A1B116D8C00170CA3 /* TMLatestEpisodesTableViewDataSourceAndDelegate.m */; };
		2F1FA8501B11794F00170CA3 /* TMAllEpisodesTableViewDataSourceAndDelegate.m in Sources */ = {isa = PBXBuildFile; fileRef = 2F1FA84F1B11794F00170CA3 /* TMAllEpisodesTableViewDataSourceAndDelegate.m */; };
		2F1FA8531B13DA3D00170CA3 /* TMRating.m in Sources */ = {isa = PBXBuildFile; fileRef = 2F1FA8521B13DA3D00170CA3 /* TMRating.m */; };
		2F40FC2F1B51990A00903F63 /* TMDeleteOperation.m in Sources */ = {isa = PBXBuildFile; fileRef = 2F40FC2E1B51990A00903F63 /* TMDeleteOperation.m */; };
		2F40FC331B51AE9900903F63 /* TMDownloadOperationQueue.m in Sources */ = {isa = PBXBuildFile; fileRef = 2F40FC321B51AE9900903F63 /* TMDownloadOperationQueue.m */; };
		2FB2BCFE1B1420BE00F2FA20 /* AppIcon.appiconset in Resources */ = {isa = PBXBuildFile; fileRef = 2FB2BCFD1B1420BE00F2FA20 /* AppIcon.appiconset */; };
		2FB2BD021B14210100F2FA20 /* Media.xcassets in Resources */ = {isa = PBXBuildFile; fileRef = 2FB2BD011B14210100F2FA20 /* Media.xcassets */; };
		2FDF7E151B473B3E006B312B /* TMAppilcation.m in Sources */ = {isa = PBXBuildFile; fileRef = 2FDF7E141B473B3E006B312B /* TMAppilcation.m */; };
		2FDF7E1E1B483662006B312B /* TMDownloadOperation.m in Sources */ = {isa = PBXBuildFile; fileRef = 2FDF7E1D1B483662006B312B /* TMDownloadOperation.m */; };
		2FE626AA1B194AD000D1799F /* NSString+Formatter.m in Sources */ = {isa = PBXBuildFile; fileRef = 2FE626A91B194AD000D1799F /* NSString+Formatter.m */; };
		2FF82CCF1B2D1E270011E1A8 /* TMBrowsePodcastsCell.m in Sources */ = {isa = PBXBuildFile; fileRef = 2FF82CCE1B2D1E270011E1A8 /* TMBrowsePodcastsCell.m */; };
		2FF82CD21B2D1EE00011E1A8 /* TMBrowsePodcastsTableViewController.m in Sources */ = {isa = PBXBuildFile; fileRef = 2FF82CD11B2D1EE00011E1A8 /* TMBrowsePodcastsTableViewController.m */; };
		2FF82CD51B2D25D00011E1A8 /* TMBrowsePodcastsManager.m in Sources */ = {isa = PBXBuildFile; fileRef = 2FF82CD41B2D25D00011E1A8 /* TMBrowsePodcastsManager.m */; };
		2FF82CD81B2DDD9A0011E1A8 /* TMGenre.m in Sources */ = {isa = PBXBuildFile; fileRef = 2FF82CD71B2DDD9A0011E1A8 /* TMGenre.m */; };
		2FF82CDB1B2DF7C20011E1A8 /* TMBrowsePodcastResponse.m in Sources */ = {isa = PBXBuildFile; fileRef = 2FF82CDA1B2DF7C20011E1A8 /* TMBrowsePodcastResponse.m */; };
		2FF82CDE1B2E3F300011E1A8 /* TMBrowsePopularPodcastCell.m in Sources */ = {isa = PBXBuildFile; fileRef = 2FF82CDD1B2E3F300011E1A8 /* TMBrowsePopularPodcastCell.m */; };
		2FF82CE31B2E5F680011E1A8 /* TMBrowsePodcastButton.m in Sources */ = {isa = PBXBuildFile; fileRef = 2FF82CE21B2E5F680011E1A8 /* TMBrowsePodcastButton.m */; };
		A1CCC73BFC10CF483FF48350 /* libPods.a in Frameworks */ = {isa = PBXBuildFile; fileRef = 0AE600B3F6DBB56BFCDB25E4 /* libPods.a */; };
		C3010DB31B0D863E0005BD5E /* TMPodcastLatestEpisodeTableViewCell.m in Sources */ = {isa = PBXBuildFile; fileRef = C3010DB21B0D863E0005BD5E /* TMPodcastLatestEpisodeTableViewCell.m */; };
		C30E109E1ADB374D005A6DAE /* TMSearchResultsTableViewController.m in Sources */ = {isa = PBXBuildFile; fileRef = C30E109D1ADB374D005A6DAE /* TMSearchResultsTableViewController.m */; };
		C34E81C01B0AC3B200144CB5 /* TMReviewViewController.m in Sources */ = {isa = PBXBuildFile; fileRef = C34E81BF1B0AC3B200144CB5 /* TMReviewViewController.m */; };
		C37D27A91ACF8820009AE39A /* XMLReader.m in Sources */ = {isa = PBXBuildFile; fileRef = C37D27A81ACF8820009AE39A /* XMLReader.m */; };
		C37D27AB1ACF8E6B009AE39A /* AVFoundation.framework in Frameworks */ = {isa = PBXBuildFile; fileRef = C37D27AA1ACF8E6B009AE39A /* AVFoundation.framework */; };
		C37D27AE1AD0A4C9009AE39A /* TMPodcastEpisodeHeaderTableViewCell.m in Sources */ = {isa = PBXBuildFile; fileRef = C37D27AD1AD0A4C9009AE39A /* TMPodcastEpisodeHeaderTableViewCell.m */; };
		C386EDCD1A86BE8D000DE78F /* main.m in Sources */ = {isa = PBXBuildFile; fileRef = C386EDCC1A86BE8D000DE78F /* main.m */; };
		C386EDD01A86BE8D000DE78F /* AppDelegate.m in Sources */ = {isa = PBXBuildFile; fileRef = C386EDCF1A86BE8D000DE78F /* AppDelegate.m */; };
		C386EDD61A86BE8D000DE78F /* Main.storyboard in Resources */ = {isa = PBXBuildFile; fileRef = C386EDD41A86BE8D000DE78F /* Main.storyboard */; };
		C386EDD81A86BE8D000DE78F /* Images.xcassets in Resources */ = {isa = PBXBuildFile; fileRef = C386EDD71A86BE8D000DE78F /* Images.xcassets */; };
		C386EDDB1A86BE8D000DE78F /* LaunchScreen.xib in Resources */ = {isa = PBXBuildFile; fileRef = C386EDD91A86BE8D000DE78F /* LaunchScreen.xib */; };
		C386EDE71A86BE8D000DE78F /* PodcasterTests.m in Sources */ = {isa = PBXBuildFile; fileRef = C386EDE61A86BE8D000DE78F /* PodcasterTests.m */; };
		C386EE001A86F563000DE78F /* TMMark.m in Sources */ = {isa = PBXBuildFile; fileRef = C386EDFF1A86F563000DE78F /* TMMark.m */; };
		C3A47B0A1AACF7A200613E6F /* TMDownloadUtilities.m in Sources */ = {isa = PBXBuildFile; fileRef = C3A47B091AACF7A200613E6F /* TMDownloadUtilities.m */; };
		C3A47B0D1AAFCF1E00613E6F /* TMAudioPlayerViewController.m in Sources */ = {isa = PBXBuildFile; fileRef = C3A47B0C1AAFCF1E00613E6F /* TMAudioPlayerViewController.m */; };
		C3A47B101AB3C06B00613E6F /* TMiTunesResponse.m in Sources */ = {isa = PBXBuildFile; fileRef = C3A47B0F1AB3C06B00613E6F /* TMiTunesResponse.m */; };
		C3A47B131AB3D54700613E6F /* TMPodcastsViewController.m in Sources */ = {isa = PBXBuildFile; fileRef = C3A47B121AB3D54700613E6F /* TMPodcastsViewController.m */; };
		C3A47B161AB3D6F600613E6F /* TMPodcastTableViewCell.m in Sources */ = {isa = PBXBuildFile; fileRef = C3A47B151AB3D6F600613E6F /* TMPodcastTableViewCell.m */; };
		C3B8B5E11AEAC9B100192328 /* TMSubscribedEpisode.m in Sources */ = {isa = PBXBuildFile; fileRef = C3B8B5E01AEAC9B100192328 /* TMSubscribedEpisode.m */; };
		C3B8B5E41AEAC9B200192328 /* TMSubscribedPodcast.m in Sources */ = {isa = PBXBuildFile; fileRef = C3B8B5E31AEAC9B200192328 /* TMSubscribedPodcast.m */; };
		C3B8B5E91AEB035600192328 /* NSManagedObject+EntityName.m in Sources */ = {isa = PBXBuildFile; fileRef = C3B8B5E81AEB035600192328 /* NSManagedObject+EntityName.m */; };
		C3CE48541AAA71E900085513 /* TMAudioPlayerManager.m in Sources */ = {isa = PBXBuildFile; fileRef = C3CE48531AAA71E900085513 /* TMAudioPlayerManager.m */; };
		C3CE48571AABEE2300085513 /* TMPodcastsManager.m in Sources */ = {isa = PBXBuildFile; fileRef = C3CE48561AABEE2300085513 /* TMPodcastsManager.m */; };
		C3CE485F1AABF94100085513 /* TMPodcast.m in Sources */ = {isa = PBXBuildFile; fileRef = C3CE485E1AABF94100085513 /* TMPodcast.m */; };
		C3CE48621AABF95F00085513 /* TMPodcastEpisode.m in Sources */ = {isa = PBXBuildFile; fileRef = C3CE48611AABF95F00085513 /* TMPodcastEpisode.m */; };
		C3CE48651AAC0E0600085513 /* TMPodcastEpisodesTableViewController.m in Sources */ = {isa = PBXBuildFile; fileRef = C3CE48641AAC0E0600085513 /* TMPodcastEpisodesTableViewController.m */; };
		C3CE48691AAC113800085513 /* TMPodcastEpisodesTableViewCell.m in Sources */ = {isa = PBXBuildFile; fileRef = C3CE48681AAC113800085513 /* TMPodcastEpisodesTableViewCell.m */; };
		C3DA5F1C1AF6A34C00505A94 /* TMNavigationController.m in Sources */ = {isa = PBXBuildFile; fileRef = C3DA5F1B1AF6A34C00505A94 /* TMNavigationController.m */; };
		C3E628601AE9DA8200664BC4 /* Podcaster.xcdatamodeld in Sources */ = {isa = PBXBuildFile; fileRef = C3E6285E1AE9DA8200664BC4 /* Podcaster.xcdatamodeld */; };
/* End PBXBuildFile section */

/* Begin PBXContainerItemProxy section */
		C386EDE11A86BE8D000DE78F /* PBXContainerItemProxy */ = {
			isa = PBXContainerItemProxy;
			containerPortal = C386EDBF1A86BE8C000DE78F /* Project object */;
			proxyType = 1;
			remoteGlobalIDString = C386EDC61A86BE8C000DE78F;
			remoteInfo = Podcaster;
		};
/* End PBXContainerItemProxy section */

/* Begin PBXFileReference section */
		0AE600B3F6DBB56BFCDB25E4 /* libPods.a */ = {isa = PBXFileReference; explicitFileType = archive.ar; includeInIndex = 0; path = libPods.a; sourceTree = BUILT_PRODUCTS_DIR; };
		2F1FA8491B116D8C00170CA3 /* TMLatestEpisodesTableViewDataSourceAndDelegate.h */ = {isa = PBXFileReference; fileEncoding = 4; lastKnownFileType = sourcecode.c.h; path = TMLatestEpisodesTableViewDataSourceAndDelegate.h; sourceTree = "<group>"; };
		2F1FA84A1B116D8C00170CA3 /* TMLatestEpisodesTableViewDataSourceAndDelegate.m */ = {isa = PBXFileReference; fileEncoding = 4; lastKnownFileType = sourcecode.c.objc; path = TMLatestEpisodesTableViewDataSourceAndDelegate.m; sourceTree = "<group>"; };
		2F1FA84C1B11774D00170CA3 /* TMSelectPodcastProtocol.h */ = {isa = PBXFileReference; lastKnownFileType = sourcecode.c.h; path = TMSelectPodcastProtocol.h; sourceTree = "<group>"; };
		2F1FA84D1B11777800170CA3 /* TMSelectPodcastEpisodeProtocol.h */ = {isa = PBXFileReference; lastKnownFileType = sourcecode.c.h; path = TMSelectPodcastEpisodeProtocol.h; sourceTree = "<group>"; };
		2F1FA84E1B11794F00170CA3 /* TMAllEpisodesTableViewDataSourceAndDelegate.h */ = {isa = PBXFileReference; fileEncoding = 4; lastKnownFileType = sourcecode.c.h; path = TMAllEpisodesTableViewDataSourceAndDelegate.h; sourceTree = "<group>"; };
		2F1FA84F1B11794F00170CA3 /* TMAllEpisodesTableViewDataSourceAndDelegate.m */ = {isa = PBXFileReference; fileEncoding = 4; lastKnownFileType = sourcecode.c.objc; path = TMAllEpisodesTableViewDataSourceAndDelegate.m; sourceTree = "<group>"; };
		2F1FA8511B13DA3D00170CA3 /* TMRating.h */ = {isa = PBXFileReference; fileEncoding = 4; lastKnownFileType = sourcecode.c.h; path = TMRating.h; sourceTree = "<group>"; };
		2F1FA8521B13DA3D00170CA3 /* TMRating.m */ = {isa = PBXFileReference; fileEncoding = 4; lastKnownFileType = sourcecode.c.objc; path = TMRating.m; sourceTree = "<group>"; };
		2F40FC271B50A36600903F63 /* TMPodcastEpisodeDownloadDelegate.h */ = {isa = PBXFileReference; lastKnownFileType = sourcecode.c.h; path = TMPodcastEpisodeDownloadDelegate.h; sourceTree = "<group>"; };
		2F40FC2D1B51990A00903F63 /* TMDeleteOperation.h */ = {isa = PBXFileReference; fileEncoding = 4; lastKnownFileType = sourcecode.c.h; path = TMDeleteOperation.h; sourceTree = "<group>"; };
		2F40FC2E1B51990A00903F63 /* TMDeleteOperation.m */ = {isa = PBXFileReference; fileEncoding = 4; lastKnownFileType = sourcecode.c.objc; path = TMDeleteOperation.m; sourceTree = "<group>"; };
		2F40FC311B51AE9900903F63 /* TMDownloadOperationQueue.h */ = {isa = PBXFileReference; fileEncoding = 4; lastKnownFileType = sourcecode.c.h; path = TMDownloadOperationQueue.h; sourceTree = "<group>"; };
		2F40FC321B51AE9900903F63 /* TMDownloadOperationQueue.m */ = {isa = PBXFileReference; fileEncoding = 4; lastKnownFileType = sourcecode.c.objc; path = TMDownloadOperationQueue.m; sourceTree = "<group>"; };
		2FB2BCFD1B1420BE00F2FA20 /* AppIcon.appiconset */ = {isa = PBXFileReference; lastKnownFileType = folder; path = AppIcon.appiconset; sourceTree = "<group>"; };
		2FB2BD011B14210100F2FA20 /* Media.xcassets */ = {isa = PBXFileReference; lastKnownFileType = folder.assetcatalog; path = Media.xcassets; sourceTree = "<group>"; };
		2FDF7E131B473B3E006B312B /* TMAppilcation.h */ = {isa = PBXFileReference; fileEncoding = 4; lastKnownFileType = sourcecode.c.h; path = TMAppilcation.h; sourceTree = "<group>"; };
		2FDF7E141B473B3E006B312B /* TMAppilcation.m */ = {isa = PBXFileReference; fileEncoding = 4; lastKnownFileType = sourcecode.c.objc; path = TMAppilcation.m; sourceTree = "<group>"; };
		2FDF7E1C1B483662006B312B /* TMDownloadOperation.h */ = {isa = PBXFileReference; fileEncoding = 4; lastKnownFileType = sourcecode.c.h; path = TMDownloadOperation.h; sourceTree = "<group>"; };
		2FDF7E1D1B483662006B312B /* TMDownloadOperation.m */ = {isa = PBXFileReference; fileEncoding = 4; lastKnownFileType = sourcecode.c.objc; path = TMDownloadOperation.m; sourceTree = "<group>"; };
		2FE626A51B192E8D00D1799F /* TMPodcastEpisodeProtocol.h */ = {isa = PBXFileReference; lastKnownFileType = sourcecode.c.h; path = TMPodcastEpisodeProtocol.h; sourceTree = "<group>"; };
		2FE626A61B193C6700D1799F /* Podcaster2.xcdatamodel */ = {isa = PBXFileReference; lastKnownFileType = wrapper.xcdatamodel; path = Podcaster2.xcdatamodel; sourceTree = "<group>"; };
		2FE626A81B194AD000D1799F /* NSString+Formatter.h */ = {isa = PBXFileReference; fileEncoding = 4; lastKnownFileType = sourcecode.c.h; path = "NSString+Formatter.h"; sourceTree = "<group>"; };
		2FE626A91B194AD000D1799F /* NSString+Formatter.m */ = {isa = PBXFileReference; fileEncoding = 4; lastKnownFileType = sourcecode.c.objc; path = "NSString+Formatter.m"; sourceTree = "<group>"; };
		2FE626AB1B1A1B3500D1799F /* Podcaster3.xcdatamodel */ = {isa = PBXFileReference; lastKnownFileType = wrapper.xcdatamodel; path = Podcaster3.xcdatamodel; sourceTree = "<group>"; };
		2FF82CCD1B2D1E270011E1A8 /* TMBrowsePodcastsCell.h */ = {isa = PBXFileReference; fileEncoding = 4; lastKnownFileType = sourcecode.c.h; path = TMBrowsePodcastsCell.h; sourceTree = "<group>"; };
		2FF82CCE1B2D1E270011E1A8 /* TMBrowsePodcastsCell.m */ = {isa = PBXFileReference; fileEncoding = 4; lastKnownFileType = sourcecode.c.objc; path = TMBrowsePodcastsCell.m; sourceTree = "<group>"; };
		2FF82CD01B2D1EE00011E1A8 /* TMBrowsePodcastsTableViewController.h */ = {isa = PBXFileReference; fileEncoding = 4; lastKnownFileType = sourcecode.c.h; path = TMBrowsePodcastsTableViewController.h; sourceTree = "<group>"; };
		2FF82CD11B2D1EE00011E1A8 /* TMBrowsePodcastsTableViewController.m */ = {isa = PBXFileReference; fileEncoding = 4; lastKnownFileType = sourcecode.c.objc; path = TMBrowsePodcastsTableViewController.m; sourceTree = "<group>"; };
		2FF82CD31B2D25D00011E1A8 /* TMBrowsePodcastsManager.h */ = {isa = PBXFileReference; fileEncoding = 4; lastKnownFileType = sourcecode.c.h; path = TMBrowsePodcastsManager.h; sourceTree = "<group>"; };
		2FF82CD41B2D25D00011E1A8 /* TMBrowsePodcastsManager.m */ = {isa = PBXFileReference; fileEncoding = 4; lastKnownFileType = sourcecode.c.objc; path = TMBrowsePodcastsManager.m; sourceTree = "<group>"; };
		2FF82CD61B2DDD9A0011E1A8 /* TMGenre.h */ = {isa = PBXFileReference; fileEncoding = 4; lastKnownFileType = sourcecode.c.h; path = TMGenre.h; sourceTree = "<group>"; };
		2FF82CD71B2DDD9A0011E1A8 /* TMGenre.m */ = {isa = PBXFileReference; fileEncoding = 4; lastKnownFileType = sourcecode.c.objc; path = TMGenre.m; sourceTree = "<group>"; };
		2FF82CD91B2DF7C20011E1A8 /* TMBrowsePodcastResponse.h */ = {isa = PBXFileReference; fileEncoding = 4; lastKnownFileType = sourcecode.c.h; path = TMBrowsePodcastResponse.h; sourceTree = "<group>"; };
		2FF82CDA1B2DF7C20011E1A8 /* TMBrowsePodcastResponse.m */ = {isa = PBXFileReference; fileEncoding = 4; lastKnownFileType = sourcecode.c.objc; path = TMBrowsePodcastResponse.m; sourceTree = "<group>"; };
		2FF82CDC1B2E3F300011E1A8 /* TMBrowsePopularPodcastCell.h */ = {isa = PBXFileReference; fileEncoding = 4; lastKnownFileType = sourcecode.c.h; path = TMBrowsePopularPodcastCell.h; sourceTree = "<group>"; };
		2FF82CDD1B2E3F300011E1A8 /* TMBrowsePopularPodcastCell.m */ = {isa = PBXFileReference; fileEncoding = 4; lastKnownFileType = sourcecode.c.objc; path = TMBrowsePopularPodcastCell.m; sourceTree = "<group>"; };
		2FF82CE11B2E5F680011E1A8 /* TMBrowsePodcastButton.h */ = {isa = PBXFileReference; fileEncoding = 4; lastKnownFileType = sourcecode.c.h; path = TMBrowsePodcastButton.h; sourceTree = "<group>"; };
		2FF82CE21B2E5F680011E1A8 /* TMBrowsePodcastButton.m */ = {isa = PBXFileReference; fileEncoding = 4; lastKnownFileType = sourcecode.c.objc; path = TMBrowsePodcastButton.m; sourceTree = "<group>"; };
		BC5D10F28D730A5D6AA2A498 /* Pods.release.xcconfig */ = {isa = PBXFileReference; includeInIndex = 1; lastKnownFileType = text.xcconfig; name = Pods.release.xcconfig; path = "Pods/Target Support Files/Pods/Pods.release.xcconfig"; sourceTree = "<group>"; };
		C3010DAA1B0C11040005BD5E /* Accounts.framework */ = {isa = PBXFileReference; lastKnownFileType = wrapper.framework; name = Accounts.framework; path = System/Library/Frameworks/Accounts.framework; sourceTree = SDKROOT; };
		C3010DAC1B0C11080005BD5E /* Social.framework */ = {isa = PBXFileReference; lastKnownFileType = wrapper.framework; name = Social.framework; path = System/Library/Frameworks/Social.framework; sourceTree = SDKROOT; };
		C3010DAF1B0C11920005BD5E /* libstdc++.6.dylib */ = {isa = PBXFileReference; lastKnownFileType = "compiled.mach-o.dylib"; name = "libstdc++.6.dylib"; path = "usr/lib/libstdc++.6.dylib"; sourceTree = SDKROOT; };
		C3010DB11B0D863E0005BD5E /* TMPodcastLatestEpisodeTableViewCell.h */ = {isa = PBXFileReference; fileEncoding = 4; lastKnownFileType = sourcecode.c.h; path = TMPodcastLatestEpisodeTableViewCell.h; sourceTree = "<group>"; };
		C3010DB21B0D863E0005BD5E /* TMPodcastLatestEpisodeTableViewCell.m */ = {isa = PBXFileReference; fileEncoding = 4; lastKnownFileType = sourcecode.c.objc; path = TMPodcastLatestEpisodeTableViewCell.m; sourceTree = "<group>"; };
		C30E109C1ADB374D005A6DAE /* TMSearchResultsTableViewController.h */ = {isa = PBXFileReference; fileEncoding = 4; lastKnownFileType = sourcecode.c.h; path = TMSearchResultsTableViewController.h; sourceTree = "<group>"; };
		C30E109D1ADB374D005A6DAE /* TMSearchResultsTableViewController.m */ = {isa = PBXFileReference; fileEncoding = 4; lastKnownFileType = sourcecode.c.objc; path = TMSearchResultsTableViewController.m; sourceTree = "<group>"; };
		C34E81BE1B0AC3B200144CB5 /* TMReviewViewController.h */ = {isa = PBXFileReference; fileEncoding = 4; lastKnownFileType = sourcecode.c.h; path = TMReviewViewController.h; sourceTree = "<group>"; };
		C34E81BF1B0AC3B200144CB5 /* TMReviewViewController.m */ = {isa = PBXFileReference; fileEncoding = 4; lastKnownFileType = sourcecode.c.objc; path = TMReviewViewController.m; sourceTree = "<group>"; };
		C34E81C11B0AD3DA00144CB5 /* Bolts.framework */ = {isa = PBXFileReference; lastKnownFileType = wrapper.framework; path = Bolts.framework; sourceTree = "<group>"; };
		C34E81C21B0AD3DA00144CB5 /* Parse.framework */ = {isa = PBXFileReference; lastKnownFileType = wrapper.framework; path = Parse.framework; sourceTree = "<group>"; };
		C34E81C31B0AD3DA00144CB5 /* ParseCrashReporting.framework */ = {isa = PBXFileReference; lastKnownFileType = wrapper.framework; path = ParseCrashReporting.framework; sourceTree = "<group>"; };
		C34E81C41B0AD3DA00144CB5 /* ParseFacebookUtils.framework */ = {isa = PBXFileReference; lastKnownFileType = wrapper.framework; path = ParseFacebookUtils.framework; sourceTree = "<group>"; };
		C34E81C51B0AD3DA00144CB5 /* ParseFacebookUtilsV4.framework */ = {isa = PBXFileReference; lastKnownFileType = wrapper.framework; path = ParseFacebookUtilsV4.framework; sourceTree = "<group>"; };
		C34E81C61B0AD3DA00144CB5 /* ParseUI.framework */ = {isa = PBXFileReference; lastKnownFileType = wrapper.framework; path = ParseUI.framework; sourceTree = "<group>"; };
		C34E81CD1B0AD47D00144CB5 /* AudioToolbox.framework */ = {isa = PBXFileReference; lastKnownFileType = wrapper.framework; name = AudioToolbox.framework; path = System/Library/Frameworks/AudioToolbox.framework; sourceTree = SDKROOT; };
		C34E81CF1B0AD48E00144CB5 /* CFNetwork.framework */ = {isa = PBXFileReference; lastKnownFileType = wrapper.framework; name = CFNetwork.framework; path = System/Library/Frameworks/CFNetwork.framework; sourceTree = SDKROOT; };
		C34E81D11B0AD49500144CB5 /* CoreGraphics.framework */ = {isa = PBXFileReference; lastKnownFileType = wrapper.framework; name = CoreGraphics.framework; path = System/Library/Frameworks/CoreGraphics.framework; sourceTree = SDKROOT; };
		C34E81D31B0AD49A00144CB5 /* CoreLocation.framework */ = {isa = PBXFileReference; lastKnownFileType = wrapper.framework; name = CoreLocation.framework; path = System/Library/Frameworks/CoreLocation.framework; sourceTree = SDKROOT; };
		C34E81D51B0AD4A100144CB5 /* MobileCoreServices.framework */ = {isa = PBXFileReference; lastKnownFileType = wrapper.framework; name = MobileCoreServices.framework; path = System/Library/Frameworks/MobileCoreServices.framework; sourceTree = SDKROOT; };
		C34E81D71B0AD4A600144CB5 /* QuartzCore.framework */ = {isa = PBXFileReference; lastKnownFileType = wrapper.framework; name = QuartzCore.framework; path = System/Library/Frameworks/QuartzCore.framework; sourceTree = SDKROOT; };
		C34E81D91B0AD4AD00144CB5 /* Security.framework */ = {isa = PBXFileReference; lastKnownFileType = wrapper.framework; name = Security.framework; path = System/Library/Frameworks/Security.framework; sourceTree = SDKROOT; };
		C34E81DB1B0AD4B300144CB5 /* StoreKit.framework */ = {isa = PBXFileReference; lastKnownFileType = wrapper.framework; name = StoreKit.framework; path = System/Library/Frameworks/StoreKit.framework; sourceTree = SDKROOT; };
		C34E81DD1B0AD4B900144CB5 /* SystemConfiguration.framework */ = {isa = PBXFileReference; lastKnownFileType = wrapper.framework; name = SystemConfiguration.framework; path = System/Library/Frameworks/SystemConfiguration.framework; sourceTree = SDKROOT; };
		C34E81DF1B0AD4C000144CB5 /* libz.dylib */ = {isa = PBXFileReference; lastKnownFileType = "compiled.mach-o.dylib"; name = libz.dylib; path = usr/lib/libz.dylib; sourceTree = SDKROOT; };
		C34E81E11B0AD4CA00144CB5 /* libsqlite3.dylib */ = {isa = PBXFileReference; lastKnownFileType = "compiled.mach-o.dylib"; name = libsqlite3.dylib; path = usr/lib/libsqlite3.dylib; sourceTree = SDKROOT; };
		C37D27A71ACF8820009AE39A /* XMLReader.h */ = {isa = PBXFileReference; fileEncoding = 4; lastKnownFileType = sourcecode.c.h; path = XMLReader.h; sourceTree = "<group>"; };
		C37D27A81ACF8820009AE39A /* XMLReader.m */ = {isa = PBXFileReference; fileEncoding = 4; lastKnownFileType = sourcecode.c.objc; path = XMLReader.m; sourceTree = "<group>"; };
		C37D27AA1ACF8E6B009AE39A /* AVFoundation.framework */ = {isa = PBXFileReference; lastKnownFileType = wrapper.framework; name = AVFoundation.framework; path = System/Library/Frameworks/AVFoundation.framework; sourceTree = SDKROOT; };
		C37D27AC1AD0A4C9009AE39A /* TMPodcastEpisodeHeaderTableViewCell.h */ = {isa = PBXFileReference; fileEncoding = 4; lastKnownFileType = sourcecode.c.h; path = TMPodcastEpisodeHeaderTableViewCell.h; sourceTree = "<group>"; };
		C37D27AD1AD0A4C9009AE39A /* TMPodcastEpisodeHeaderTableViewCell.m */ = {isa = PBXFileReference; fileEncoding = 4; lastKnownFileType = sourcecode.c.objc; path = TMPodcastEpisodeHeaderTableViewCell.m; sourceTree = "<group>"; };
		C386EDC71A86BE8D000DE78F /* Podcaster.app */ = {isa = PBXFileReference; explicitFileType = wrapper.application; includeInIndex = 0; path = Podcaster.app; sourceTree = BUILT_PRODUCTS_DIR; };
		C386EDCB1A86BE8D000DE78F /* Info.plist */ = {isa = PBXFileReference; lastKnownFileType = text.plist.xml; path = Info.plist; sourceTree = "<group>"; };
		C386EDCC1A86BE8D000DE78F /* main.m */ = {isa = PBXFileReference; lastKnownFileType = sourcecode.c.objc; path = main.m; sourceTree = "<group>"; };
		C386EDCE1A86BE8D000DE78F /* AppDelegate.h */ = {isa = PBXFileReference; lastKnownFileType = sourcecode.c.h; path = AppDelegate.h; sourceTree = "<group>"; };
		C386EDCF1A86BE8D000DE78F /* AppDelegate.m */ = {isa = PBXFileReference; lastKnownFileType = sourcecode.c.objc; path = AppDelegate.m; sourceTree = "<group>"; };
		C386EDD51A86BE8D000DE78F /* Base */ = {isa = PBXFileReference; lastKnownFileType = file.storyboard; name = Base; path = Base.lproj/Main.storyboard; sourceTree = "<group>"; };
		C386EDD71A86BE8D000DE78F /* Images.xcassets */ = {isa = PBXFileReference; lastKnownFileType = folder.assetcatalog; path = Images.xcassets; sourceTree = "<group>"; };
		C386EDDA1A86BE8D000DE78F /* Base */ = {isa = PBXFileReference; lastKnownFileType = file.xib; name = Base; path = Base.lproj/LaunchScreen.xib; sourceTree = "<group>"; };
		C386EDE01A86BE8D000DE78F /* PodcasterTests.xctest */ = {isa = PBXFileReference; explicitFileType = wrapper.cfbundle; includeInIndex = 0; path = PodcasterTests.xctest; sourceTree = BUILT_PRODUCTS_DIR; };
		C386EDE51A86BE8D000DE78F /* Info.plist */ = {isa = PBXFileReference; lastKnownFileType = text.plist.xml; path = Info.plist; sourceTree = "<group>"; };
		C386EDE61A86BE8D000DE78F /* PodcasterTests.m */ = {isa = PBXFileReference; lastKnownFileType = sourcecode.c.objc; path = PodcasterTests.m; sourceTree = "<group>"; };
		C386EDFE1A86F563000DE78F /* TMMark.h */ = {isa = PBXFileReference; fileEncoding = 4; lastKnownFileType = sourcecode.c.h; path = TMMark.h; sourceTree = "<group>"; };
		C386EDFF1A86F563000DE78F /* TMMark.m */ = {isa = PBXFileReference; fileEncoding = 4; lastKnownFileType = sourcecode.c.objc; path = TMMark.m; sourceTree = "<group>"; };
		C3A47B081AACF7A200613E6F /* TMDownloadUtilities.h */ = {isa = PBXFileReference; fileEncoding = 4; lastKnownFileType = sourcecode.c.h; path = TMDownloadUtilities.h; sourceTree = "<group>"; };
		C3A47B091AACF7A200613E6F /* TMDownloadUtilities.m */ = {isa = PBXFileReference; fileEncoding = 4; lastKnownFileType = sourcecode.c.objc; path = TMDownloadUtilities.m; sourceTree = "<group>"; };
		C3A47B0B1AAFCF1E00613E6F /* TMAudioPlayerViewController.h */ = {isa = PBXFileReference; fileEncoding = 4; lastKnownFileType = sourcecode.c.h; path = TMAudioPlayerViewController.h; sourceTree = "<group>"; };
		C3A47B0C1AAFCF1E00613E6F /* TMAudioPlayerViewController.m */ = {isa = PBXFileReference; fileEncoding = 4; lastKnownFileType = sourcecode.c.objc; path = TMAudioPlayerViewController.m; sourceTree = "<group>"; };
		C3A47B0E1AB3C06B00613E6F /* TMiTunesResponse.h */ = {isa = PBXFileReference; fileEncoding = 4; lastKnownFileType = sourcecode.c.h; path = TMiTunesResponse.h; sourceTree = "<group>"; };
		C3A47B0F1AB3C06B00613E6F /* TMiTunesResponse.m */ = {isa = PBXFileReference; fileEncoding = 4; lastKnownFileType = sourcecode.c.objc; path = TMiTunesResponse.m; sourceTree = "<group>"; };
		C3A47B111AB3D54700613E6F /* TMPodcastsViewController.h */ = {isa = PBXFileReference; fileEncoding = 4; lastKnownFileType = sourcecode.c.h; path = TMPodcastsViewController.h; sourceTree = "<group>"; };
		C3A47B121AB3D54700613E6F /* TMPodcastsViewController.m */ = {isa = PBXFileReference; fileEncoding = 4; lastKnownFileType = sourcecode.c.objc; path = TMPodcastsViewController.m; sourceTree = "<group>"; };
		C3A47B141AB3D6F600613E6F /* TMPodcastTableViewCell.h */ = {isa = PBXFileReference; fileEncoding = 4; lastKnownFileType = sourcecode.c.h; path = TMPodcastTableViewCell.h; sourceTree = "<group>"; };
		C3A47B151AB3D6F600613E6F /* TMPodcastTableViewCell.m */ = {isa = PBXFileReference; fileEncoding = 4; lastKnownFileType = sourcecode.c.objc; path = TMPodcastTableViewCell.m; sourceTree = "<group>"; };
		C3B8B5DF1AEAC9B100192328 /* TMSubscribedEpisode.h */ = {isa = PBXFileReference; fileEncoding = 4; lastKnownFileType = sourcecode.c.h; path = TMSubscribedEpisode.h; sourceTree = "<group>"; };
		C3B8B5E01AEAC9B100192328 /* TMSubscribedEpisode.m */ = {isa = PBXFileReference; fileEncoding = 4; lastKnownFileType = sourcecode.c.objc; path = TMSubscribedEpisode.m; sourceTree = "<group>"; };
		C3B8B5E21AEAC9B200192328 /* TMSubscribedPodcast.h */ = {isa = PBXFileReference; fileEncoding = 4; lastKnownFileType = sourcecode.c.h; path = TMSubscribedPodcast.h; sourceTree = "<group>"; };
		C3B8B5E31AEAC9B200192328 /* TMSubscribedPodcast.m */ = {isa = PBXFileReference; fileEncoding = 4; lastKnownFileType = sourcecode.c.objc; path = TMSubscribedPodcast.m; sourceTree = "<group>"; };
		C3B8B5E61AEACF8F00192328 /* TMPodcastSubscriptionDelegate.h */ = {isa = PBXFileReference; lastKnownFileType = sourcecode.c.h; path = TMPodcastSubscriptionDelegate.h; sourceTree = "<group>"; };
		C3B8B5E71AEB035600192328 /* NSManagedObject+EntityName.h */ = {isa = PBXFileReference; fileEncoding = 4; lastKnownFileType = sourcecode.c.h; path = "NSManagedObject+EntityName.h"; sourceTree = "<group>"; };
		C3B8B5E81AEB035600192328 /* NSManagedObject+EntityName.m */ = {isa = PBXFileReference; fileEncoding = 4; lastKnownFileType = sourcecode.c.objc; path = "NSManagedObject+EntityName.m"; sourceTree = "<group>"; };
		C3B8B5EA1AEC1D7900192328 /* TMPodcastProtocol.h */ = {isa = PBXFileReference; lastKnownFileType = sourcecode.c.h; path = TMPodcastProtocol.h; sourceTree = "<group>"; };
		C3CE48521AAA71E900085513 /* TMAudioPlayerManager.h */ = {isa = PBXFileReference; fileEncoding = 4; lastKnownFileType = sourcecode.c.h; path = TMAudioPlayerManager.h; sourceTree = "<group>"; };
		C3CE48531AAA71E900085513 /* TMAudioPlayerManager.m */ = {isa = PBXFileReference; fileEncoding = 4; lastKnownFileType = sourcecode.c.objc; path = TMAudioPlayerManager.m; sourceTree = "<group>"; };
		C3CE48551AABEE2300085513 /* TMPodcastsManager.h */ = {isa = PBXFileReference; fileEncoding = 4; lastKnownFileType = sourcecode.c.h; path = TMPodcastsManager.h; sourceTree = "<group>"; };
		C3CE48561AABEE2300085513 /* TMPodcastsManager.m */ = {isa = PBXFileReference; fileEncoding = 4; lastKnownFileType = sourcecode.c.objc; path = TMPodcastsManager.m; sourceTree = "<group>"; };
		C3CE485D1AABF94100085513 /* TMPodcast.h */ = {isa = PBXFileReference; fileEncoding = 4; lastKnownFileType = sourcecode.c.h; path = TMPodcast.h; sourceTree = "<group>"; };
		C3CE485E1AABF94100085513 /* TMPodcast.m */ = {isa = PBXFileReference; fileEncoding = 4; lastKnownFileType = sourcecode.c.objc; path = TMPodcast.m; sourceTree = "<group>"; };
		C3CE48601AABF95F00085513 /* TMPodcastEpisode.h */ = {isa = PBXFileReference; fileEncoding = 4; lastKnownFileType = sourcecode.c.h; path = TMPodcastEpisode.h; sourceTree = "<group>"; };
		C3CE48611AABF95F00085513 /* TMPodcastEpisode.m */ = {isa = PBXFileReference; fileEncoding = 4; lastKnownFileType = sourcecode.c.objc; path = TMPodcastEpisode.m; sourceTree = "<group>"; };
		C3CE48631AAC0E0600085513 /* TMPodcastEpisodesTableViewController.h */ = {isa = PBXFileReference; fileEncoding = 4; lastKnownFileType = sourcecode.c.h; path = TMPodcastEpisodesTableViewController.h; sourceTree = "<group>"; };
		C3CE48641AAC0E0600085513 /* TMPodcastEpisodesTableViewController.m */ = {isa = PBXFileReference; fileEncoding = 4; lastKnownFileType = sourcecode.c.objc; path = TMPodcastEpisodesTableViewController.m; sourceTree = "<group>"; };
		C3CE48671AAC113800085513 /* TMPodcastEpisodesTableViewCell.h */ = {isa = PBXFileReference; fileEncoding = 4; lastKnownFileType = sourcecode.c.h; path = TMPodcastEpisodesTableViewCell.h; sourceTree = "<group>"; };
		C3CE48681AAC113800085513 /* TMPodcastEpisodesTableViewCell.m */ = {isa = PBXFileReference; fileEncoding = 4; lastKnownFileType = sourcecode.c.objc; path = TMPodcastEpisodesTableViewCell.m; sourceTree = "<group>"; };
		C3DA5F1A1AF6A34C00505A94 /* TMNavigationController.h */ = {isa = PBXFileReference; fileEncoding = 4; lastKnownFileType = sourcecode.c.h; path = TMNavigationController.h; sourceTree = "<group>"; };
		C3DA5F1B1AF6A34C00505A94 /* TMNavigationController.m */ = {isa = PBXFileReference; fileEncoding = 4; lastKnownFileType = sourcecode.c.objc; path = TMNavigationController.m; sourceTree = "<group>"; };
		C3E6285F1AE9DA8200664BC4 /* Podcaster.xcdatamodel */ = {isa = PBXFileReference; lastKnownFileType = wrapper.xcdatamodel; path = Podcaster.xcdatamodel; sourceTree = "<group>"; };
		C3E628611AE9DB6600664BC4 /* CoreData.framework */ = {isa = PBXFileReference; lastKnownFileType = wrapper.framework; name = CoreData.framework; path = System/Library/Frameworks/CoreData.framework; sourceTree = SDKROOT; };
		CFA31828C77E2156E568F34A /* Pods.debug.xcconfig */ = {isa = PBXFileReference; includeInIndex = 1; lastKnownFileType = text.xcconfig; name = Pods.debug.xcconfig; path = "Pods/Target Support Files/Pods/Pods.debug.xcconfig"; sourceTree = "<group>"; };
/* End PBXFileReference section */

/* Begin PBXFrameworksBuildPhase section */
		C386EDC41A86BE8C000DE78F /* Frameworks */ = {
			isa = PBXFrameworksBuildPhase;
			buildActionMask = 2147483647;
			files = (
				C37D27AB1ACF8E6B009AE39A /* AVFoundation.framework in Frameworks */,
				A1CCC73BFC10CF483FF48350 /* libPods.a in Frameworks */,
			);
			runOnlyForDeploymentPostprocessing = 0;
		};
		C386EDDD1A86BE8D000DE78F /* Frameworks */ = {
			isa = PBXFrameworksBuildPhase;
			buildActionMask = 2147483647;
			files = (
			);
			runOnlyForDeploymentPostprocessing = 0;
		};
/* End PBXFrameworksBuildPhase section */

/* Begin PBXGroup section */
		2F1FA8481B116D5C00170CA3 /* DataSources */ = {
			isa = PBXGroup;
			children = (
				2F1FA8491B116D8C00170CA3 /* TMLatestEpisodesTableViewDataSourceAndDelegate.h */,
				2F1FA84A1B116D8C00170CA3 /* TMLatestEpisodesTableViewDataSourceAndDelegate.m */,
				2F1FA84E1B11794F00170CA3 /* TMAllEpisodesTableViewDataSourceAndDelegate.h */,
				2F1FA84F1B11794F00170CA3 /* TMAllEpisodesTableViewDataSourceAndDelegate.m */,
			);
			name = DataSources;
			sourceTree = "<group>";
		};
		2F40FC301B51AE2F00903F63 /* OperationsAndQueues */ = {
			isa = PBXGroup;
			children = (
				2F40FC311B51AE9900903F63 /* TMDownloadOperationQueue.h */,
				2F40FC321B51AE9900903F63 /* TMDownloadOperationQueue.m */,
				2FDF7E1C1B483662006B312B /* TMDownloadOperation.h */,
				2FDF7E1D1B483662006B312B /* TMDownloadOperation.m */,
				2F40FC2D1B51990A00903F63 /* TMDeleteOperation.h */,
				2F40FC2E1B51990A00903F63 /* TMDeleteOperation.m */,
			);
			name = OperationsAndQueues;
			sourceTree = "<group>";
		};
		2FE626A71B194A9A00D1799F /* Categories */ = {
			isa = PBXGroup;
			children = (
				C3B8B5E71AEB035600192328 /* NSManagedObject+EntityName.h */,
				C3B8B5E81AEB035600192328 /* NSManagedObject+EntityName.m */,
				2FE626A81B194AD000D1799F /* NSString+Formatter.h */,
				2FE626A91B194AD000D1799F /* NSString+Formatter.m */,
			);
			name = Categories;
			sourceTree = "<group>";
		};
		2FF82CE01B2E5F270011E1A8 /* Views */ = {
			isa = PBXGroup;
			children = (
				2FF82CE11B2E5F680011E1A8 /* TMBrowsePodcastButton.h */,
				2FF82CE21B2E5F680011E1A8 /* TMBrowsePodcastButton.m */,
			);
			name = Views;
			sourceTree = "<group>";
		};
		993DE1DC2312904847B24CB2 /* Pods */ = {
			isa = PBXGroup;
			children = (
				CFA31828C77E2156E568F34A /* Pods.debug.xcconfig */,
				BC5D10F28D730A5D6AA2A498 /* Pods.release.xcconfig */,
			);
			name = Pods;
			sourceTree = "<group>";
		};
		C301B7E21B0929E100FBB668 /* Frameworks */ = {
			isa = PBXGroup;
			children = (
				C3010DAF1B0C11920005BD5E /* libstdc++.6.dylib */,
				C3010DAC1B0C11080005BD5E /* Social.framework */,
				C3010DAA1B0C11040005BD5E /* Accounts.framework */,
				C34E81E11B0AD4CA00144CB5 /* libsqlite3.dylib */,
				C34E81DF1B0AD4C000144CB5 /* libz.dylib */,
				C34E81DD1B0AD4B900144CB5 /* SystemConfiguration.framework */,
				C34E81DB1B0AD4B300144CB5 /* StoreKit.framework */,
				C34E81D91B0AD4AD00144CB5 /* Security.framework */,
				C34E81D71B0AD4A600144CB5 /* QuartzCore.framework */,
				C34E81D51B0AD4A100144CB5 /* MobileCoreServices.framework */,
				C34E81D31B0AD49A00144CB5 /* CoreLocation.framework */,
				C34E81D11B0AD49500144CB5 /* CoreGraphics.framework */,
				C34E81CF1B0AD48E00144CB5 /* CFNetwork.framework */,
				C34E81CD1B0AD47D00144CB5 /* AudioToolbox.framework */,
				C34E81C11B0AD3DA00144CB5 /* Bolts.framework */,
				C34E81C21B0AD3DA00144CB5 /* Parse.framework */,
				C34E81C31B0AD3DA00144CB5 /* ParseCrashReporting.framework */,
				C34E81C41B0AD3DA00144CB5 /* ParseFacebookUtils.framework */,
				C34E81C51B0AD3DA00144CB5 /* ParseFacebookUtilsV4.framework */,
				C34E81C61B0AD3DA00144CB5 /* ParseUI.framework */,
				C3E628611AE9DB6600664BC4 /* CoreData.framework */,
				C37D27AA1ACF8E6B009AE39A /* AVFoundation.framework */,
				0AE600B3F6DBB56BFCDB25E4 /* libPods.a */,
			);
			name = Frameworks;
			sourceTree = "<group>";
		};
		C386EDBE1A86BE8C000DE78F = {
			isa = PBXGroup;
			children = (
				C386EDC91A86BE8D000DE78F /* Podcaster */,
				C386EDE31A86BE8D000DE78F /* PodcasterTests */,
				C386EDC81A86BE8D000DE78F /* Products */,
				C301B7E21B0929E100FBB668 /* Frameworks */,
				993DE1DC2312904847B24CB2 /* Pods */,
			);
			sourceTree = "<group>";
		};
		C386EDC81A86BE8D000DE78F /* Products */ = {
			isa = PBXGroup;
			children = (
				C386EDC71A86BE8D000DE78F /* Podcaster.app */,
				C386EDE01A86BE8D000DE78F /* PodcasterTests.xctest */,
			);
			name = Products;
			sourceTree = "<group>";
		};
		C386EDC91A86BE8D000DE78F /* Podcaster */ = {
			isa = PBXGroup;
			children = (
				2FB2BCFD1B1420BE00F2FA20 /* AppIcon.appiconset */,
				C386EDCE1A86BE8D000DE78F /* AppDelegate.h */,
				C386EDCF1A86BE8D000DE78F /* AppDelegate.m */,
				2FB2BD011B14210100F2FA20 /* Media.xcassets */,
				2F40FC301B51AE2F00903F63 /* OperationsAndQueues */,
				2FF82CE01B2E5F270011E1A8 /* Views */,
				2FE626A71B194A9A00D1799F /* Categories */,
				2F1FA8481B116D5C00170CA3 /* DataSources */,
				C3B8B5E51AEACF6100192328 /* Protocols */,
				C3CE485B1AABF16A00085513 /* Helpers */,
				C386EDFD1A86F53A000DE78F /* ViewControllers */,
				C386EDFC1A86F530000DE78F /* Models */,
				C3E0493D1AA9335F00EB63E3 /* Managers */,
				C3CE48661AAC10F900085513 /* Cells */,
				C386EDD41A86BE8D000DE78F /* Main.storyboard */,
				C386EDD71A86BE8D000DE78F /* Images.xcassets */,
				C386EDD91A86BE8D000DE78F /* LaunchScreen.xib */,
				C3E6285E1AE9DA8200664BC4 /* Podcaster.xcdatamodeld */,
				C386EDCA1A86BE8D000DE78F /* Supporting Files */,
			);
			path = Podcaster;
			sourceTree = "<group>";
		};
		C386EDCA1A86BE8D000DE78F /* Supporting Files */ = {
			isa = PBXGroup;
			children = (
				C386EDCB1A86BE8D000DE78F /* Info.plist */,
				C386EDCC1A86BE8D000DE78F /* main.m */,
			);
			name = "Supporting Files";
			sourceTree = "<group>";
		};
		C386EDE31A86BE8D000DE78F /* PodcasterTests */ = {
			isa = PBXGroup;
			children = (
				C386EDE61A86BE8D000DE78F /* PodcasterTests.m */,
				C386EDE41A86BE8D000DE78F /* Supporting Files */,
			);
			path = PodcasterTests;
			sourceTree = "<group>";
		};
		C386EDE41A86BE8D000DE78F /* Supporting Files */ = {
			isa = PBXGroup;
			children = (
				C386EDE51A86BE8D000DE78F /* Info.plist */,
			);
			name = "Supporting Files";
			sourceTree = "<group>";
		};
		C386EDFC1A86F530000DE78F /* Models */ = {
			isa = PBXGroup;
			children = (
				2F1FA8511B13DA3D00170CA3 /* TMRating.h */,
				2F1FA8521B13DA3D00170CA3 /* TMRating.m */,
				C386EDFE1A86F563000DE78F /* TMMark.h */,
				C386EDFF1A86F563000DE78F /* TMMark.m */,
				C3CE485D1AABF94100085513 /* TMPodcast.h */,
				C3CE485E1AABF94100085513 /* TMPodcast.m */,
				C3CE48601AABF95F00085513 /* TMPodcastEpisode.h */,
				C3CE48611AABF95F00085513 /* TMPodcastEpisode.m */,
				C3A47B0E1AB3C06B00613E6F /* TMiTunesResponse.h */,
				C3A47B0F1AB3C06B00613E6F /* TMiTunesResponse.m */,
				C3B8B5E21AEAC9B200192328 /* TMSubscribedPodcast.h */,
				C3B8B5E31AEAC9B200192328 /* TMSubscribedPodcast.m */,
				C3B8B5DF1AEAC9B100192328 /* TMSubscribedEpisode.h */,
				C3B8B5E01AEAC9B100192328 /* TMSubscribedEpisode.m */,
				2FF82CD61B2DDD9A0011E1A8 /* TMGenre.h */,
				2FF82CD71B2DDD9A0011E1A8 /* TMGenre.m */,
				2FF82CD91B2DF7C20011E1A8 /* TMBrowsePodcastResponse.h */,
				2FF82CDA1B2DF7C20011E1A8 /* TMBrowsePodcastResponse.m */,
			);
			name = Models;
			sourceTree = "<group>";
		};
		C386EDFD1A86F53A000DE78F /* ViewControllers */ = {
			isa = PBXGroup;
			children = (
				C3A47B111AB3D54700613E6F /* TMPodcastsViewController.h */,
				C3A47B121AB3D54700613E6F /* TMPodcastsViewController.m */,
				C3CE48631AAC0E0600085513 /* TMPodcastEpisodesTableViewController.h */,
				C3CE48641AAC0E0600085513 /* TMPodcastEpisodesTableViewController.m */,
				C3A47B0B1AAFCF1E00613E6F /* TMAudioPlayerViewController.h */,
				C3A47B0C1AAFCF1E00613E6F /* TMAudioPlayerViewController.m */,
				C30E109C1ADB374D005A6DAE /* TMSearchResultsTableViewController.h */,
				C30E109D1ADB374D005A6DAE /* TMSearchResultsTableViewController.m */,
				C34E81BE1B0AC3B200144CB5 /* TMReviewViewController.h */,
				C34E81BF1B0AC3B200144CB5 /* TMReviewViewController.m */,
				2FF82CD01B2D1EE00011E1A8 /* TMBrowsePodcastsTableViewController.h */,
				2FF82CD11B2D1EE00011E1A8 /* TMBrowsePodcastsTableViewController.m */,
			);
			name = ViewControllers;
			sourceTree = "<group>";
		};
		C3B8B5E51AEACF6100192328 /* Protocols */ = {
			isa = PBXGroup;
			children = (
				C3B8B5E61AEACF8F00192328 /* TMPodcastSubscriptionDelegate.h */,
				C3B8B5EA1AEC1D7900192328 /* TMPodcastProtocol.h */,
				2FE626A51B192E8D00D1799F /* TMPodcastEpisodeProtocol.h */,
				2F1FA84C1B11774D00170CA3 /* TMSelectPodcastProtocol.h */,
				2F1FA84D1B11777800170CA3 /* TMSelectPodcastEpisodeProtocol.h */,
				2F40FC271B50A36600903F63 /* TMPodcastEpisodeDownloadDelegate.h */,
			);
			name = Protocols;
			sourceTree = "<group>";
		};
		C3CE485B1AABF16A00085513 /* Helpers */ = {
			isa = PBXGroup;
			children = (
				C3A47B081AACF7A200613E6F /* TMDownloadUtilities.h */,
				C3A47B091AACF7A200613E6F /* TMDownloadUtilities.m */,
				C37D27A71ACF8820009AE39A /* XMLReader.h */,
				C37D27A81ACF8820009AE39A /* XMLReader.m */,
				C3DA5F1A1AF6A34C00505A94 /* TMNavigationController.h */,
				C3DA5F1B1AF6A34C00505A94 /* TMNavigationController.m */,
				2FDF7E131B473B3E006B312B /* TMAppilcation.h */,
				2FDF7E141B473B3E006B312B /* TMAppilcation.m */,
			);
			name = Helpers;
			sourceTree = "<group>";
		};
		C3CE48661AAC10F900085513 /* Cells */ = {
			isa = PBXGroup;
			children = (
				C37D27AC1AD0A4C9009AE39A /* TMPodcastEpisodeHeaderTableViewCell.h */,
				C37D27AD1AD0A4C9009AE39A /* TMPodcastEpisodeHeaderTableViewCell.m */,
				C3CE48671AAC113800085513 /* TMPodcastEpisodesTableViewCell.h */,
				C3CE48681AAC113800085513 /* TMPodcastEpisodesTableViewCell.m */,
				C3A47B141AB3D6F600613E6F /* TMPodcastTableViewCell.h */,
				C3A47B151AB3D6F600613E6F /* TMPodcastTableViewCell.m */,
				C3010DB11B0D863E0005BD5E /* TMPodcastLatestEpisodeTableViewCell.h */,
				C3010DB21B0D863E0005BD5E /* TMPodcastLatestEpisodeTableViewCell.m */,
				2FF82CCD1B2D1E270011E1A8 /* TMBrowsePodcastsCell.h */,
				2FF82CCE1B2D1E270011E1A8 /* TMBrowsePodcastsCell.m */,
				2FF82CDC1B2E3F300011E1A8 /* TMBrowsePopularPodcastCell.h */,
				2FF82CDD1B2E3F300011E1A8 /* TMBrowsePopularPodcastCell.m */,
			);
			name = Cells;
			sourceTree = "<group>";
		};
		C3E0493D1AA9335F00EB63E3 /* Managers */ = {
			isa = PBXGroup;
			children = (
				C3CE48521AAA71E900085513 /* TMAudioPlayerManager.h */,
				C3CE48531AAA71E900085513 /* TMAudioPlayerManager.m */,
				C3CE48551AABEE2300085513 /* TMPodcastsManager.h */,
				C3CE48561AABEE2300085513 /* TMPodcastsManager.m */,
				2FF82CD31B2D25D00011E1A8 /* TMBrowsePodcastsManager.h */,
				2FF82CD41B2D25D00011E1A8 /* TMBrowsePodcastsManager.m */,
			);
			name = Managers;
			sourceTree = "<group>";
		};
/* End PBXGroup section */

/* Begin PBXNativeTarget section */
		C386EDC61A86BE8C000DE78F /* Podcaster */ = {
			isa = PBXNativeTarget;
			buildConfigurationList = C386EDEA1A86BE8D000DE78F /* Build configuration list for PBXNativeTarget "Podcaster" */;
			buildPhases = (
				1B189765A77E9748DC75EA7D /* Check Pods Manifest.lock */,
				C386EDC31A86BE8C000DE78F /* Sources */,
				C386EDC41A86BE8C000DE78F /* Frameworks */,
				C386EDC51A86BE8C000DE78F /* Resources */,
				3C8DC4D3A708D9B3480C6535 /* Copy Pods Resources */,
			);
			buildRules = (
			);
			dependencies = (
			);
			name = Podcaster;
			productName = Podcaster;
			productReference = C386EDC71A86BE8D000DE78F /* Podcaster.app */;
			productType = "com.apple.product-type.application";
		};
		C386EDDF1A86BE8D000DE78F /* PodcasterTests */ = {
			isa = PBXNativeTarget;
			buildConfigurationList = C386EDED1A86BE8D000DE78F /* Build configuration list for PBXNativeTarget "PodcasterTests" */;
			buildPhases = (
				C386EDDC1A86BE8D000DE78F /* Sources */,
				C386EDDD1A86BE8D000DE78F /* Frameworks */,
				C386EDDE1A86BE8D000DE78F /* Resources */,
			);
			buildRules = (
			);
			dependencies = (
				C386EDE21A86BE8D000DE78F /* PBXTargetDependency */,
			);
			name = PodcasterTests;
			productName = PodcasterTests;
			productReference = C386EDE01A86BE8D000DE78F /* PodcasterTests.xctest */;
			productType = "com.apple.product-type.bundle.unit-test";
		};
/* End PBXNativeTarget section */

/* Begin PBXProject section */
		C386EDBF1A86BE8C000DE78F /* Project object */ = {
			isa = PBXProject;
			attributes = {
				LastUpgradeCheck = 0610;
				ORGANIZATIONNAME = "Tyler Mikev";
				TargetAttributes = {
					C386EDC61A86BE8C000DE78F = {
						CreatedOnToolsVersion = 6.1;
						DevelopmentTeam = U4FM6R6FKJ;
						SystemCapabilities = {
							com.apple.BackgroundModes = {
								enabled = 1;
							};
						};
					};
					C386EDDF1A86BE8D000DE78F = {
						CreatedOnToolsVersion = 6.1;
						TestTargetID = C386EDC61A86BE8C000DE78F;
					};
				};
			};
			buildConfigurationList = C386EDC21A86BE8C000DE78F /* Build configuration list for PBXProject "Podcaster" */;
			compatibilityVersion = "Xcode 3.2";
			developmentRegion = English;
			hasScannedForEncodings = 0;
			knownRegions = (
				en,
				Base,
			);
			mainGroup = C386EDBE1A86BE8C000DE78F;
			productRefGroup = C386EDC81A86BE8D000DE78F /* Products */;
			projectDirPath = "";
			projectRoot = "";
			targets = (
				C386EDC61A86BE8C000DE78F /* Podcaster */,
				C386EDDF1A86BE8D000DE78F /* PodcasterTests */,
			);
		};
/* End PBXProject section */

/* Begin PBXResourcesBuildPhase section */
		C386EDC51A86BE8C000DE78F /* Resources */ = {
			isa = PBXResourcesBuildPhase;
			buildActionMask = 2147483647;
			files = (
				2FB2BD021B14210100F2FA20 /* Media.xcassets in Resources */,
				C386EDD61A86BE8D000DE78F /* Main.storyboard in Resources */,
				C386EDDB1A86BE8D000DE78F /* LaunchScreen.xib in Resources */,
				2FB2BCFE1B1420BE00F2FA20 /* AppIcon.appiconset in Resources */,
				C386EDD81A86BE8D000DE78F /* Images.xcassets in Resources */,
			);
			runOnlyForDeploymentPostprocessing = 0;
		};
		C386EDDE1A86BE8D000DE78F /* Resources */ = {
			isa = PBXResourcesBuildPhase;
			buildActionMask = 2147483647;
			files = (
			);
			runOnlyForDeploymentPostprocessing = 0;
		};
/* End PBXResourcesBuildPhase section */

/* Begin PBXShellScriptBuildPhase section */
		1B189765A77E9748DC75EA7D /* Check Pods Manifest.lock */ = {
			isa = PBXShellScriptBuildPhase;
			buildActionMask = 2147483647;
			files = (
			);
			inputPaths = (
			);
			name = "Check Pods Manifest.lock";
			outputPaths = (
			);
			runOnlyForDeploymentPostprocessing = 0;
			shellPath = /bin/sh;
			shellScript = "diff \"${PODS_ROOT}/../Podfile.lock\" \"${PODS_ROOT}/Manifest.lock\" > /dev/null\nif [[ $? != 0 ]] ; then\n    cat << EOM\nerror: The sandbox is not in sync with the Podfile.lock. Run 'pod install' or update your CocoaPods installation.\nEOM\n    exit 1\nfi\n";
			showEnvVarsInLog = 0;
		};
		3C8DC4D3A708D9B3480C6535 /* Copy Pods Resources */ = {
			isa = PBXShellScriptBuildPhase;
			buildActionMask = 2147483647;
			files = (
			);
			inputPaths = (
			);
			name = "Copy Pods Resources";
			outputPaths = (
			);
			runOnlyForDeploymentPostprocessing = 0;
			shellPath = /bin/sh;
			shellScript = "\"${SRCROOT}/Pods/Target Support Files/Pods/Pods-resources.sh\"\n";
			showEnvVarsInLog = 0;
		};
/* End PBXShellScriptBuildPhase section */

/* Begin PBXSourcesBuildPhase section */
		C386EDC31A86BE8C000DE78F /* Sources */ = {
			isa = PBXSourcesBuildPhase;
			buildActionMask = 2147483647;
			files = (
				C34E81C01B0AC3B200144CB5 /* TMReviewViewController.m in Sources */,
				C3A47B161AB3D6F600613E6F /* TMPodcastTableViewCell.m in Sources */,
				2FDF7E1E1B483662006B312B /* TMDownloadOperation.m in Sources */,
				C3B8B5E91AEB035600192328 /* NSManagedObject+EntityName.m in Sources */,
				C386EE001A86F563000DE78F /* TMMark.m in Sources */,
				2FF82CE31B2E5F680011E1A8 /* TMBrowsePodcastButton.m in Sources */,
				C3A47B131AB3D54700613E6F /* TMPodcastsViewController.m in Sources */,
				C3E628601AE9DA8200664BC4 /* Podcaster.xcdatamodeld in Sources */,
				C386EDD01A86BE8D000DE78F /* AppDelegate.m in Sources */,
				C3DA5F1C1AF6A34C00505A94 /* TMNavigationController.m in Sources */,
				C37D27AE1AD0A4C9009AE39A /* TMPodcastEpisodeHeaderTableViewCell.m in Sources */,
				C3B8B5E41AEAC9B200192328 /* TMSubscribedPodcast.m in Sources */,
				C3A47B0A1AACF7A200613E6F /* TMDownloadUtilities.m in Sources */,
				2F1FA8501B11794F00170CA3 /* TMAllEpisodesTableViewDataSourceAndDelegate.m in Sources */,
				2F1FA84B1B116D8C00170CA3 /* TMLatestEpisodesTableViewDataSourceAndDelegate.m in Sources */,
				C3CE48651AAC0E0600085513 /* TMPodcastEpisodesTableViewController.m in Sources */,
				2F40FC331B51AE9900903F63 /* TMDownloadOperationQueue.m in Sources */,
				2FF82CCF1B2D1E270011E1A8 /* TMBrowsePodcastsCell.m in Sources */,
				C3A47B101AB3C06B00613E6F /* TMiTunesResponse.m in Sources */,
				C37D27A91ACF8820009AE39A /* XMLReader.m in Sources */,
				2F1FA8531B13DA3D00170CA3 /* TMRating.m in Sources */,
				C3CE48541AAA71E900085513 /* TMAudioPlayerManager.m in Sources */,
				2F40FC2F1B51990A00903F63 /* TMDeleteOperation.m in Sources */,
				C386EDCD1A86BE8D000DE78F /* main.m in Sources */,
				C3010DB31B0D863E0005BD5E /* TMPodcastLatestEpisodeTableViewCell.m in Sources */,
				2FF82CD21B2D1EE00011E1A8 /* TMBrowsePodcastsTableViewController.m in Sources */,
				2FF82CD81B2DDD9A0011E1A8 /* TMGenre.m in Sources */,
				C3CE48621AABF95F00085513 /* TMPodcastEpisode.m in Sources */,
				C3CE48691AAC113800085513 /* TMPodcastEpisodesTableViewCell.m in Sources */,
				2FF82CD51B2D25D00011E1A8 /* TMBrowsePodcastsManager.m in Sources */,
				C3B8B5E11AEAC9B100192328 /* TMSubscribedEpisode.m in Sources */,
				C3CE485F1AABF94100085513 /* TMPodcast.m in Sources */,
				C3CE48571AABEE2300085513 /* TMPodcastsManager.m in Sources */,
				2FF82CDB1B2DF7C20011E1A8 /* TMBrowsePodcastResponse.m in Sources */,
				C30E109E1ADB374D005A6DAE /* TMSearchResultsTableViewController.m in Sources */,
				2FF82CDE1B2E3F300011E1A8 /* TMBrowsePopularPodcastCell.m in Sources */,
				2FE626AA1B194AD000D1799F /* NSString+Formatter.m in Sources */,
				C3A47B0D1AAFCF1E00613E6F /* TMAudioPlayerViewController.m in Sources */,
				2FDF7E151B473B3E006B312B /* TMAppilcation.m in Sources */,
			);
			runOnlyForDeploymentPostprocessing = 0;
		};
		C386EDDC1A86BE8D000DE78F /* Sources */ = {
			isa = PBXSourcesBuildPhase;
			buildActionMask = 2147483647;
			files = (
				C386EDE71A86BE8D000DE78F /* PodcasterTests.m in Sources */,
			);
			runOnlyForDeploymentPostprocessing = 0;
		};
/* End PBXSourcesBuildPhase section */

/* Begin PBXTargetDependency section */
		C386EDE21A86BE8D000DE78F /* PBXTargetDependency */ = {
			isa = PBXTargetDependency;
			target = C386EDC61A86BE8C000DE78F /* Podcaster */;
			targetProxy = C386EDE11A86BE8D000DE78F /* PBXContainerItemProxy */;
		};
/* End PBXTargetDependency section */

/* Begin PBXVariantGroup section */
		C386EDD41A86BE8D000DE78F /* Main.storyboard */ = {
			isa = PBXVariantGroup;
			children = (
				C386EDD51A86BE8D000DE78F /* Base */,
			);
			name = Main.storyboard;
			sourceTree = "<group>";
		};
		C386EDD91A86BE8D000DE78F /* LaunchScreen.xib */ = {
			isa = PBXVariantGroup;
			children = (
				C386EDDA1A86BE8D000DE78F /* Base */,
			);
			name = LaunchScreen.xib;
			sourceTree = "<group>";
		};
/* End PBXVariantGroup section */

/* Begin XCBuildConfiguration section */
		C386EDE81A86BE8D000DE78F /* Debug */ = {
			isa = XCBuildConfiguration;
			buildSettings = {
				ALWAYS_SEARCH_USER_PATHS = NO;
				CLANG_CXX_LANGUAGE_STANDARD = "gnu++0x";
				CLANG_CXX_LIBRARY = "libc++";
				CLANG_ENABLE_MODULES = YES;
				CLANG_ENABLE_OBJC_ARC = YES;
				CLANG_WARN_BOOL_CONVERSION = YES;
				CLANG_WARN_CONSTANT_CONVERSION = YES;
				CLANG_WARN_DIRECT_OBJC_ISA_USAGE = YES_ERROR;
				CLANG_WARN_EMPTY_BODY = YES;
				CLANG_WARN_ENUM_CONVERSION = YES;
				CLANG_WARN_INT_CONVERSION = YES;
				CLANG_WARN_OBJC_ROOT_CLASS = YES_ERROR;
				CLANG_WARN_UNREACHABLE_CODE = YES;
				CLANG_WARN__DUPLICATE_METHOD_MATCH = YES;
				"CODE_SIGN_IDENTITY[sdk=iphoneos*]" = "iPhone Developer";
				COPY_PHASE_STRIP = NO;
				ENABLE_STRICT_OBJC_MSGSEND = YES;
				GCC_C_LANGUAGE_STANDARD = gnu99;
				GCC_DYNAMIC_NO_PIC = NO;
				GCC_OPTIMIZATION_LEVEL = 0;
				GCC_PREPROCESSOR_DEFINITIONS = (
					"DEBUG=1",
					"$(inherited)",
				);
				GCC_SYMBOLS_PRIVATE_EXTERN = NO;
				GCC_WARN_64_TO_32_BIT_CONVERSION = YES;
				GCC_WARN_ABOUT_RETURN_TYPE = YES_ERROR;
				GCC_WARN_UNDECLARED_SELECTOR = YES;
				GCC_WARN_UNINITIALIZED_AUTOS = YES_AGGRESSIVE;
				GCC_WARN_UNUSED_FUNCTION = YES;
				GCC_WARN_UNUSED_VARIABLE = YES;
				IPHONEOS_DEPLOYMENT_TARGET = 8.1;
				MTL_ENABLE_DEBUG_INFO = YES;
				ONLY_ACTIVE_ARCH = YES;
				SDKROOT = iphoneos;
				TARGETED_DEVICE_FAMILY = "1,2";
			};
			name = Debug;
		};
		C386EDE91A86BE8D000DE78F /* Release */ = {
			isa = XCBuildConfiguration;
			buildSettings = {
				ALWAYS_SEARCH_USER_PATHS = NO;
				CLANG_CXX_LANGUAGE_STANDARD = "gnu++0x";
				CLANG_CXX_LIBRARY = "libc++";
				CLANG_ENABLE_MODULES = YES;
				CLANG_ENABLE_OBJC_ARC = YES;
				CLANG_WARN_BOOL_CONVERSION = YES;
				CLANG_WARN_CONSTANT_CONVERSION = YES;
				CLANG_WARN_DIRECT_OBJC_ISA_USAGE = YES_ERROR;
				CLANG_WARN_EMPTY_BODY = YES;
				CLANG_WARN_ENUM_CONVERSION = YES;
				CLANG_WARN_INT_CONVERSION = YES;
				CLANG_WARN_OBJC_ROOT_CLASS = YES_ERROR;
				CLANG_WARN_UNREACHABLE_CODE = YES;
				CLANG_WARN__DUPLICATE_METHOD_MATCH = YES;
				"CODE_SIGN_IDENTITY[sdk=iphoneos*]" = "iPhone Developer";
				COPY_PHASE_STRIP = YES;
				ENABLE_NS_ASSERTIONS = NO;
				ENABLE_STRICT_OBJC_MSGSEND = YES;
				GCC_C_LANGUAGE_STANDARD = gnu99;
				GCC_WARN_64_TO_32_BIT_CONVERSION = YES;
				GCC_WARN_ABOUT_RETURN_TYPE = YES_ERROR;
				GCC_WARN_UNDECLARED_SELECTOR = YES;
				GCC_WARN_UNINITIALIZED_AUTOS = YES_AGGRESSIVE;
				GCC_WARN_UNUSED_FUNCTION = YES;
				GCC_WARN_UNUSED_VARIABLE = YES;
				IPHONEOS_DEPLOYMENT_TARGET = 8.1;
				MTL_ENABLE_DEBUG_INFO = NO;
				SDKROOT = iphoneos;
				TARGETED_DEVICE_FAMILY = "1,2";
				VALIDATE_PRODUCT = YES;
			};
			name = Release;
		};
		C386EDEB1A86BE8D000DE78F /* Debug */ = {
			isa = XCBuildConfiguration;
			baseConfigurationReference = CFA31828C77E2156E568F34A /* Pods.debug.xcconfig */;
			buildSettings = {
				ASSETCATALOG_COMPILER_APPICON_NAME = AppIcon;
				CLANG_ENABLE_MODULES = YES;
				CODE_SIGN_IDENTITY = "iPhone Developer";
				"CODE_SIGN_IDENTITY[sdk=iphoneos*]" = "iPhone Developer";
				FRAMEWORK_SEARCH_PATHS = (
					"$(inherited)",
					"$(PROJECT_DIR)",
				);
				INFOPLIST_FILE = Podcaster/Info.plist;
				LD_RUNPATH_SEARCH_PATHS = "$(inherited) @executable_path/Frameworks";
				PRODUCT_NAME = "$(TARGET_NAME)";
				PROVISIONING_PROFILE = "";
				SWIFT_OBJC_BRIDGING_HEADER = "Podcaster/Podcaster-Bridging-Header.h";
				SWIFT_OPTIMIZATION_LEVEL = "-Onone";
				TARGETED_DEVICE_FAMILY = 1;
			};
			name = Debug;
		};
		C386EDEC1A86BE8D000DE78F /* Release */ = {
			isa = XCBuildConfiguration;
			baseConfigurationReference = BC5D10F28D730A5D6AA2A498 /* Pods.release.xcconfig */;
			buildSettings = {
				ASSETCATALOG_COMPILER_APPICON_NAME = AppIcon;
				CLANG_ENABLE_MODULES = YES;
				CODE_SIGN_IDENTITY = "iPhone Developer";
				"CODE_SIGN_IDENTITY[sdk=iphoneos*]" = "iPhone Developer";
				FRAMEWORK_SEARCH_PATHS = (
					"$(inherited)",
					"$(PROJECT_DIR)",
				);
				INFOPLIST_FILE = Podcaster/Info.plist;
				LD_RUNPATH_SEARCH_PATHS = "$(inherited) @executable_path/Frameworks";
				PRODUCT_NAME = "$(TARGET_NAME)";
				PROVISIONING_PROFILE = "";
				SWIFT_OBJC_BRIDGING_HEADER = "Podcaster/Podcaster-Bridging-Header.h";
				TARGETED_DEVICE_FAMILY = 1;
			};
			name = Release;
		};
		C386EDEE1A86BE8D000DE78F /* Debug */ = {
			isa = XCBuildConfiguration;
			buildSettings = {
				BUNDLE_LOADER = "$(TEST_HOST)";
				FRAMEWORK_SEARCH_PATHS = (
					"$(SDKROOT)/Developer/Library/Frameworks",
					"$(inherited)",
				);
				GCC_PREPROCESSOR_DEFINITIONS = (
					"DEBUG=1",
					"$(inherited)",
				);
				INFOPLIST_FILE = PodcasterTests/Info.plist;
				LD_RUNPATH_SEARCH_PATHS = "$(inherited) @executable_path/Frameworks @loader_path/Frameworks";
				PRODUCT_NAME = "$(TARGET_NAME)";
				TEST_HOST = "$(BUILT_PRODUCTS_DIR)/Podcaster.app/Podcaster";
			};
			name = Debug;
		};
		C386EDEF1A86BE8D000DE78F /* Release */ = {
			isa = XCBuildConfiguration;
			buildSettings = {
				BUNDLE_LOADER = "$(TEST_HOST)";
				FRAMEWORK_SEARCH_PATHS = (
					"$(SDKROOT)/Developer/Library/Frameworks",
					"$(inherited)",
				);
				INFOPLIST_FILE = PodcasterTests/Info.plist;
				LD_RUNPATH_SEARCH_PATHS = "$(inherited) @executable_path/Frameworks @loader_path/Frameworks";
				PRODUCT_NAME = "$(TARGET_NAME)";
				TEST_HOST = "$(BUILT_PRODUCTS_DIR)/Podcaster.app/Podcaster";
			};
			name = Release;
		};
/* End XCBuildConfiguration section */

/* Begin XCConfigurationList section */
		C386EDC21A86BE8C000DE78F /* Build configuration list for PBXProject "Podcaster" */ = {
			isa = XCConfigurationList;
			buildConfigurations = (
				C386EDE81A86BE8D000DE78F /* Debug */,
				C386EDE91A86BE8D000DE78F /* Release */,
			);
			defaultConfigurationIsVisible = 0;
			defaultConfigurationName = Release;
		};
		C386EDEA1A86BE8D000DE78F /* Build configuration list for PBXNativeTarget "Podcaster" */ = {
			isa = XCConfigurationList;
			buildConfigurations = (
				C386EDEB1A86BE8D000DE78F /* Debug */,
				C386EDEC1A86BE8D000DE78F /* Release */,
			);
			defaultConfigurationIsVisible = 0;
			defaultConfigurationName = Release;
		};
		C386EDED1A86BE8D000DE78F /* Build configuration list for PBXNativeTarget "PodcasterTests" */ = {
			isa = XCConfigurationList;
			buildConfigurations = (
				C386EDEE1A86BE8D000DE78F /* Debug */,
				C386EDEF1A86BE8D000DE78F /* Release */,
			);
			defaultConfigurationIsVisible = 0;
			defaultConfigurationName = Release;
		};
/* End XCConfigurationList section */

/* Begin XCVersionGroup section */
		C3E6285E1AE9DA8200664BC4 /* Podcaster.xcdatamodeld */ = {
			isa = XCVersionGroup;
			children = (
				2FE626AB1B1A1B3500D1799F /* Podcaster3.xcdatamodel */,
				2FE626A61B193C6700D1799F /* Podcaster2.xcdatamodel */,
				C3E6285F1AE9DA8200664BC4 /* Podcaster.xcdatamodel */,
			);
			currentVersion = 2FE626AB1B1A1B3500D1799F /* Podcaster3.xcdatamodel */;
			path = Podcaster.xcdatamodeld;
			sourceTree = "<group>";
			versionGroupType = wrapper.xcdatamodel;
		};
/* End XCVersionGroup section */
	};
	rootObject = C386EDBF1A86BE8C000DE78F /* Project object */;
}
