// !$*UTF8*$!
{
	archiveVersion = 1;
	classes = {
	};
	objectVersion = 46;
	objects = {

/* Begin PBXBuildFile section */
		C37D27A91ACF8820009AE39A /* XMLReader.m in Sources */ = {isa = PBXBuildFile; fileRef = C37D27A81ACF8820009AE39A /* XMLReader.m */; };
		C37D27AB1ACF8E6B009AE39A /* AVFoundation.framework in Frameworks */ = {isa = PBXBuildFile; fileRef = C37D27AA1ACF8E6B009AE39A /* AVFoundation.framework */; };
		C37D27AE1AD0A4C9009AE39A /* TMPodcastEpisodeHeaderTableViewCell.m in Sources */ = {isa = PBXBuildFile; fileRef = C37D27AD1AD0A4C9009AE39A /* TMPodcastEpisodeHeaderTableViewCell.m */; };
		C386EDCD1A86BE8D000DE78F /* main.m in Sources */ = {isa = PBXBuildFile; fileRef = C386EDCC1A86BE8D000DE78F /* main.m */; };
		C386EDD01A86BE8D000DE78F /* AppDelegate.m in Sources */ = {isa = PBXBuildFile; fileRef = C386EDCF1A86BE8D000DE78F /* AppDelegate.m */; };
		C386EDD61A86BE8D000DE78F /* Main.storyboard in Resources */ = {isa = PBXBuildFile; fileRef = C386EDD41A86BE8D000DE78F /* Main.storyboard */; };
		C386EDD81A86BE8D000DE78F /* Images.xcassets in Resources */ = {isa = PBXBuildFile; fileRef = C386EDD71A86BE8D000DE78F /* Images.xcassets */; };
		C386EDDB1A86BE8D000DE78F /* LaunchScreen.xib in Resources */ = {isa = PBXBuildFile; fileRef = C386EDD91A86BE8D000DE78F /* LaunchScreen.xib */; };
		C386EDE71A86BE8D000DE78F /* PodcasterTests.m in Sources */ = {isa = PBXBuildFile; fileRef = C386EDE61A86BE8D000DE78F /* PodcasterTests.m */; };
		C386EE001A86F563000DE78F /* TMMark.m in Sources */ = {isa = PBXBuildFile; fileRef = C386EDFF1A86F563000DE78F /* TMMark.m */; };
		C3A47B0A1AACF7A200613E6F /* TMDownloadManager.m in Sources */ = {isa = PBXBuildFile; fileRef = C3A47B091AACF7A200613E6F /* TMDownloadManager.m */; };
		C3A47B0D1AAFCF1E00613E6F /* TMAudioPlayerViewController.m in Sources */ = {isa = PBXBuildFile; fileRef = C3A47B0C1AAFCF1E00613E6F /* TMAudioPlayerViewController.m */; };
		C3A47B101AB3C06B00613E6F /* TMiTunesResponse.m in Sources */ = {isa = PBXBuildFile; fileRef = C3A47B0F1AB3C06B00613E6F /* TMiTunesResponse.m */; };
		C3A47B131AB3D54700613E6F /* TMPodcastsTableViewController.m in Sources */ = {isa = PBXBuildFile; fileRef = C3A47B121AB3D54700613E6F /* TMPodcastsTableViewController.m */; };
		C3A47B161AB3D6F600613E6F /* TMPodcastTableViewCell.m in Sources */ = {isa = PBXBuildFile; fileRef = C3A47B151AB3D6F600613E6F /* TMPodcastTableViewCell.m */; };
		C3CE48541AAA71E900085513 /* TMAudioPlayerManager.m in Sources */ = {isa = PBXBuildFile; fileRef = C3CE48531AAA71E900085513 /* TMAudioPlayerManager.m */; };
		C3CE48571AABEE2300085513 /* TMPodcastsManager.m in Sources */ = {isa = PBXBuildFile; fileRef = C3CE48561AABEE2300085513 /* TMPodcastsManager.m */; };
		C3CE485F1AABF94100085513 /* TMPodcast.m in Sources */ = {isa = PBXBuildFile; fileRef = C3CE485E1AABF94100085513 /* TMPodcast.m */; };
		C3CE48621AABF95F00085513 /* TMPodcastEpisode.m in Sources */ = {isa = PBXBuildFile; fileRef = C3CE48611AABF95F00085513 /* TMPodcastEpisode.m */; };
		C3CE48651AAC0E0600085513 /* TMPodcastEpisodesTableViewController.m in Sources */ = {isa = PBXBuildFile; fileRef = C3CE48641AAC0E0600085513 /* TMPodcastEpisodesTableViewController.m */; };
		C3CE48691AAC113800085513 /* TMPodcastEpisodesTableViewCell.m in Sources */ = {isa = PBXBuildFile; fileRef = C3CE48681AAC113800085513 /* TMPodcastEpisodesTableViewCell.m */; };
/* End PBXBuildFile section */

/* Begin PBXContainerItemProxy section */
		C386EDE11A86BE8D000DE78F /* PBXContainerItemProxy */ = {
			isa = PBXContainerItemProxy;
			containerPortal = C386EDBF1A86BE8C000DE78F /* Project object */;
			proxyType = 1;
			remoteGlobalIDString = C386EDC61A86BE8C000DE78F;
			remoteInfo = Podcaster;
		};
/* End PBXContainerItemProxy section */

/* Begin PBXFileReference section */
		C37D27A71ACF8820009AE39A /* XMLReader.h */ = {isa = PBXFileReference; fileEncoding = 4; lastKnownFileType = sourcecode.c.h; path = XMLReader.h; sourceTree = "<group>"; };
		C37D27A81ACF8820009AE39A /* XMLReader.m */ = {isa = PBXFileReference; fileEncoding = 4; lastKnownFileType = sourcecode.c.objc; path = XMLReader.m; sourceTree = "<group>"; };
		C37D27AA1ACF8E6B009AE39A /* AVFoundation.framework */ = {isa = PBXFileReference; lastKnownFileType = wrapper.framework; name = AVFoundation.framework; path = System/Library/Frameworks/AVFoundation.framework; sourceTree = SDKROOT; };
		C37D27AC1AD0A4C9009AE39A /* TMPodcastEpisodeHeaderTableViewCell.h */ = {isa = PBXFileReference; fileEncoding = 4; lastKnownFileType = sourcecode.c.h; path = TMPodcastEpisodeHeaderTableViewCell.h; sourceTree = "<group>"; };
		C37D27AD1AD0A4C9009AE39A /* TMPodcastEpisodeHeaderTableViewCell.m */ = {isa = PBXFileReference; fileEncoding = 4; lastKnownFileType = sourcecode.c.objc; path = TMPodcastEpisodeHeaderTableViewCell.m; sourceTree = "<group>"; };
		C386EDC71A86BE8D000DE78F /* Podcaster.app */ = {isa = PBXFileReference; explicitFileType = wrapper.application; includeInIndex = 0; path = Podcaster.app; sourceTree = BUILT_PRODUCTS_DIR; };
		C386EDCB1A86BE8D000DE78F /* Info.plist */ = {isa = PBXFileReference; lastKnownFileType = text.plist.xml; path = Info.plist; sourceTree = "<group>"; };
		C386EDCC1A86BE8D000DE78F /* main.m */ = {isa = PBXFileReference; lastKnownFileType = sourcecode.c.objc; path = main.m; sourceTree = "<group>"; };
		C386EDCE1A86BE8D000DE78F /* AppDelegate.h */ = {isa = PBXFileReference; lastKnownFileType = sourcecode.c.h; path = AppDelegate.h; sourceTree = "<group>"; };
		C386EDCF1A86BE8D000DE78F /* AppDelegate.m */ = {isa = PBXFileReference; lastKnownFileType = sourcecode.c.objc; path = AppDelegate.m; sourceTree = "<group>"; };
		C386EDD51A86BE8D000DE78F /* Base */ = {isa = PBXFileReference; lastKnownFileType = file.storyboard; name = Base; path = Base.lproj/Main.storyboard; sourceTree = "<group>"; };
		C386EDD71A86BE8D000DE78F /* Images.xcassets */ = {isa = PBXFileReference; lastKnownFileType = folder.assetcatalog; path = Images.xcassets; sourceTree = "<group>"; };
		C386EDDA1A86BE8D000DE78F /* Base */ = {isa = PBXFileReference; lastKnownFileType = file.xib; name = Base; path = Base.lproj/LaunchScreen.xib; sourceTree = "<group>"; };
		C386EDE01A86BE8D000DE78F /* PodcasterTests.xctest */ = {isa = PBXFileReference; explicitFileType = wrapper.cfbundle; includeInIndex = 0; path = PodcasterTests.xctest; sourceTree = BUILT_PRODUCTS_DIR; };
		C386EDE51A86BE8D000DE78F /* Info.plist */ = {isa = PBXFileReference; lastKnownFileType = text.plist.xml; path = Info.plist; sourceTree = "<group>"; };
		C386EDE61A86BE8D000DE78F /* PodcasterTests.m */ = {isa = PBXFileReference; lastKnownFileType = sourcecode.c.objc; path = PodcasterTests.m; sourceTree = "<group>"; };
		C386EDFE1A86F563000DE78F /* TMMark.h */ = {isa = PBXFileReference; fileEncoding = 4; lastKnownFileType = sourcecode.c.h; path = TMMark.h; sourceTree = "<group>"; };
		C386EDFF1A86F563000DE78F /* TMMark.m */ = {isa = PBXFileReference; fileEncoding = 4; lastKnownFileType = sourcecode.c.objc; path = TMMark.m; sourceTree = "<group>"; };
		C3A47B081AACF7A200613E6F /* TMDownloadManager.h */ = {isa = PBXFileReference; fileEncoding = 4; lastKnownFileType = sourcecode.c.h; path = TMDownloadManager.h; sourceTree = "<group>"; };
		C3A47B091AACF7A200613E6F /* TMDownloadManager.m */ = {isa = PBXFileReference; fileEncoding = 4; lastKnownFileType = sourcecode.c.objc; path = TMDownloadManager.m; sourceTree = "<group>"; };
		C3A47B0B1AAFCF1E00613E6F /* TMAudioPlayerViewController.h */ = {isa = PBXFileReference; fileEncoding = 4; lastKnownFileType = sourcecode.c.h; path = TMAudioPlayerViewController.h; sourceTree = "<group>"; };
		C3A47B0C1AAFCF1E00613E6F /* TMAudioPlayerViewController.m */ = {isa = PBXFileReference; fileEncoding = 4; lastKnownFileType = sourcecode.c.objc; path = TMAudioPlayerViewController.m; sourceTree = "<group>"; };
		C3A47B0E1AB3C06B00613E6F /* TMiTunesResponse.h */ = {isa = PBXFileReference; fileEncoding = 4; lastKnownFileType = sourcecode.c.h; path = TMiTunesResponse.h; sourceTree = "<group>"; };
		C3A47B0F1AB3C06B00613E6F /* TMiTunesResponse.m */ = {isa = PBXFileReference; fileEncoding = 4; lastKnownFileType = sourcecode.c.objc; path = TMiTunesResponse.m; sourceTree = "<group>"; };
		C3A47B111AB3D54700613E6F /* TMPodcastsTableViewController.h */ = {isa = PBXFileReference; fileEncoding = 4; lastKnownFileType = sourcecode.c.h; path = TMPodcastsTableViewController.h; sourceTree = "<group>"; };
		C3A47B121AB3D54700613E6F /* TMPodcastsTableViewController.m */ = {isa = PBXFileReference; fileEncoding = 4; lastKnownFileType = sourcecode.c.objc; path = TMPodcastsTableViewController.m; sourceTree = "<group>"; };
		C3A47B141AB3D6F600613E6F /* TMPodcastTableViewCell.h */ = {isa = PBXFileReference; fileEncoding = 4; lastKnownFileType = sourcecode.c.h; path = TMPodcastTableViewCell.h; sourceTree = "<group>"; };
		C3A47B151AB3D6F600613E6F /* TMPodcastTableViewCell.m */ = {isa = PBXFileReference; fileEncoding = 4; lastKnownFileType = sourcecode.c.objc; path = TMPodcastTableViewCell.m; sourceTree = "<group>"; };
		C3CE48521AAA71E900085513 /* TMAudioPlayerManager.h */ = {isa = PBXFileReference; fileEncoding = 4; lastKnownFileType = sourcecode.c.h; path = TMAudioPlayerManager.h; sourceTree = "<group>"; };
		C3CE48531AAA71E900085513 /* TMAudioPlayerManager.m */ = {isa = PBXFileReference; fileEncoding = 4; lastKnownFileType = sourcecode.c.objc; path = TMAudioPlayerManager.m; sourceTree = "<group>"; };
		C3CE48551AABEE2300085513 /* TMPodcastsManager.h */ = {isa = PBXFileReference; fileEncoding = 4; lastKnownFileType = sourcecode.c.h; path = TMPodcastsManager.h; sourceTree = "<group>"; };
		C3CE48561AABEE2300085513 /* TMPodcastsManager.m */ = {isa = PBXFileReference; fileEncoding = 4; lastKnownFileType = sourcecode.c.objc; path = TMPodcastsManager.m; sourceTree = "<group>"; };
		C3CE485D1AABF94100085513 /* TMPodcast.h */ = {isa = PBXFileReference; fileEncoding = 4; lastKnownFileType = sourcecode.c.h; path = TMPodcast.h; sourceTree = "<group>"; };
		C3CE485E1AABF94100085513 /* TMPodcast.m */ = {isa = PBXFileReference; fileEncoding = 4; lastKnownFileType = sourcecode.c.objc; path = TMPodcast.m; sourceTree = "<group>"; };
		C3CE48601AABF95F00085513 /* TMPodcastEpisode.h */ = {isa = PBXFileReference; fileEncoding = 4; lastKnownFileType = sourcecode.c.h; path = TMPodcastEpisode.h; sourceTree = "<group>"; };
		C3CE48611AABF95F00085513 /* TMPodcastEpisode.m */ = {isa = PBXFileReference; fileEncoding = 4; lastKnownFileType = sourcecode.c.objc; path = TMPodcastEpisode.m; sourceTree = "<group>"; };
		C3CE48631AAC0E0600085513 /* TMPodcastEpisodesTableViewController.h */ = {isa = PBXFileReference; fileEncoding = 4; lastKnownFileType = sourcecode.c.h; path = TMPodcastEpisodesTableViewController.h; sourceTree = "<group>"; };
		C3CE48641AAC0E0600085513 /* TMPodcastEpisodesTableViewController.m */ = {isa = PBXFileReference; fileEncoding = 4; lastKnownFileType = sourcecode.c.objc; path = TMPodcastEpisodesTableViewController.m; sourceTree = "<group>"; };
		C3CE48671AAC113800085513 /* TMPodcastEpisodesTableViewCell.h */ = {isa = PBXFileReference; fileEncoding = 4; lastKnownFileType = sourcecode.c.h; path = TMPodcastEpisodesTableViewCell.h; sourceTree = "<group>"; };
		C3CE48681AAC113800085513 /* TMPodcastEpisodesTableViewCell.m */ = {isa = PBXFileReference; fileEncoding = 4; lastKnownFileType = sourcecode.c.objc; path = TMPodcastEpisodesTableViewCell.m; sourceTree = "<group>"; };
/* End PBXFileReference section */

/* Begin PBXFrameworksBuildPhase section */
		C386EDC41A86BE8C000DE78F /* Frameworks */ = {
			isa = PBXFrameworksBuildPhase;
			buildActionMask = 2147483647;
			files = (
				C37D27AB1ACF8E6B009AE39A /* AVFoundation.framework in Frameworks */,
			);
			runOnlyForDeploymentPostprocessing = 0;
		};
		C386EDDD1A86BE8D000DE78F /* Frameworks */ = {
			isa = PBXFrameworksBuildPhase;
			buildActionMask = 2147483647;
			files = (
			);
			runOnlyForDeploymentPostprocessing = 0;
		};
/* End PBXFrameworksBuildPhase section */

/* Begin PBXGroup section */
		C386EDBE1A86BE8C000DE78F = {
			isa = PBXGroup;
			children = (
				C37D27AA1ACF8E6B009AE39A /* AVFoundation.framework */,
				C386EDC91A86BE8D000DE78F /* Podcaster */,
				C386EDE31A86BE8D000DE78F /* PodcasterTests */,
				C386EDC81A86BE8D000DE78F /* Products */,
			);
			sourceTree = "<group>";
		};
		C386EDC81A86BE8D000DE78F /* Products */ = {
			isa = PBXGroup;
			children = (
				C386EDC71A86BE8D000DE78F /* Podcaster.app */,
				C386EDE01A86BE8D000DE78F /* PodcasterTests.xctest */,
			);
			name = Products;
			sourceTree = "<group>";
		};
		C386EDC91A86BE8D000DE78F /* Podcaster */ = {
			isa = PBXGroup;
			children = (
				C386EDCE1A86BE8D000DE78F /* AppDelegate.h */,
				C386EDCF1A86BE8D000DE78F /* AppDelegate.m */,
				C3CE485B1AABF16A00085513 /* Helpers */,
				C386EDFD1A86F53A000DE78F /* ViewControllers */,
				C386EDFC1A86F530000DE78F /* Models */,
				C3E0493D1AA9335F00EB63E3 /* Managers */,
				C3CE48661AAC10F900085513 /* Cells */,
				C386EDD41A86BE8D000DE78F /* Main.storyboard */,
				C386EDD71A86BE8D000DE78F /* Images.xcassets */,
				C386EDD91A86BE8D000DE78F /* LaunchScreen.xib */,
				C386EDCA1A86BE8D000DE78F /* Supporting Files */,
			);
			path = Podcaster;
			sourceTree = "<group>";
		};
		C386EDCA1A86BE8D000DE78F /* Supporting Files */ = {
			isa = PBXGroup;
			children = (
				C386EDCB1A86BE8D000DE78F /* Info.plist */,
				C386EDCC1A86BE8D000DE78F /* main.m */,
			);
			name = "Supporting Files";
			sourceTree = "<group>";
		};
		C386EDE31A86BE8D000DE78F /* PodcasterTests */ = {
			isa = PBXGroup;
			children = (
				C386EDE61A86BE8D000DE78F /* PodcasterTests.m */,
				C386EDE41A86BE8D000DE78F /* Supporting Files */,
			);
			path = PodcasterTests;
			sourceTree = "<group>";
		};
		C386EDE41A86BE8D000DE78F /* Supporting Files */ = {
			isa = PBXGroup;
			children = (
				C386EDE51A86BE8D000DE78F /* Info.plist */,
			);
			name = "Supporting Files";
			sourceTree = "<group>";
		};
		C386EDFC1A86F530000DE78F /* Models */ = {
			isa = PBXGroup;
			children = (
				C386EDFE1A86F563000DE78F /* TMMark.h */,
				C386EDFF1A86F563000DE78F /* TMMark.m */,
				C3CE485D1AABF94100085513 /* TMPodcast.h */,
				C3CE485E1AABF94100085513 /* TMPodcast.m */,
				C3CE48601AABF95F00085513 /* TMPodcastEpisode.h */,
				C3CE48611AABF95F00085513 /* TMPodcastEpisode.m */,
				C3A47B0E1AB3C06B00613E6F /* TMiTunesResponse.h */,
				C3A47B0F1AB3C06B00613E6F /* TMiTunesResponse.m */,
			);
			name = Models;
			sourceTree = "<group>";
		};
		C386EDFD1A86F53A000DE78F /* ViewControllers */ = {
			isa = PBXGroup;
			children = (
				C3CE48631AAC0E0600085513 /* TMPodcastEpisodesTableViewController.h */,
				C3CE48641AAC0E0600085513 /* TMPodcastEpisodesTableViewController.m */,
				C3A47B0B1AAFCF1E00613E6F /* TMAudioPlayerViewController.h */,
				C3A47B0C1AAFCF1E00613E6F /* TMAudioPlayerViewController.m */,
				C3A47B111AB3D54700613E6F /* TMPodcastsTableViewController.h */,
				C3A47B121AB3D54700613E6F /* TMPodcastsTableViewController.m */,
			);
			name = ViewControllers;
			sourceTree = "<group>";
		};
		C3CE485B1AABF16A00085513 /* Helpers */ = {
			isa = PBXGroup;
			children = (
				C37D27A71ACF8820009AE39A /* XMLReader.h */,
				C37D27A81ACF8820009AE39A /* XMLReader.m */,
			);
			name = Helpers;
			sourceTree = "<group>";
		};
		C3CE48661AAC10F900085513 /* Cells */ = {
			isa = PBXGroup;
			children = (
				C37D27AC1AD0A4C9009AE39A /* TMPodcastEpisodeHeaderTableViewCell.h */,
				C37D27AD1AD0A4C9009AE39A /* TMPodcastEpisodeHeaderTableViewCell.m */,
				C3CE48671AAC113800085513 /* TMPodcastEpisodesTableViewCell.h */,
				C3CE48681AAC113800085513 /* TMPodcastEpisodesTableViewCell.m */,
				C3A47B141AB3D6F600613E6F /* TMPodcastTableViewCell.h */,
				C3A47B151AB3D6F600613E6F /* TMPodcastTableViewCell.m */,
			);
			name = Cells;
			sourceTree = "<group>";
		};
		C3E0493D1AA9335F00EB63E3 /* Managers */ = {
			isa = PBXGroup;
			children = (
				C3CE48521AAA71E900085513 /* TMAudioPlayerManager.h */,
				C3CE48531AAA71E900085513 /* TMAudioPlayerManager.m */,
				C3CE48551AABEE2300085513 /* TMPodcastsManager.h */,
				C3CE48561AABEE2300085513 /* TMPodcastsManager.m */,
				C3A47B081AACF7A200613E6F /* TMDownloadManager.h */,
				C3A47B091AACF7A200613E6F /* TMDownloadManager.m */,
			);
			name = Managers;
			sourceTree = "<group>";
		};
/* End PBXGroup section */

/* Begin PBXNativeTarget section */
		C386EDC61A86BE8C000DE78F /* Podcaster */ = {
			isa = PBXNativeTarget;
			buildConfigurationList = C386EDEA1A86BE8D000DE78F /* Build configuration list for PBXNativeTarget "Podcaster" */;
			buildPhases = (
				C386EDC31A86BE8C000DE78F /* Sources */,
				C386EDC41A86BE8C000DE78F /* Frameworks */,
				C386EDC51A86BE8C000DE78F /* Resources */,
			);
			buildRules = (
			);
			dependencies = (
			);
			name = Podcaster;
			productName = Podcaster;
			productReference = C386EDC71A86BE8D000DE78F /* Podcaster.app */;
			productType = "com.apple.product-type.application";
		};
		C386EDDF1A86BE8D000DE78F /* PodcasterTests */ = {
			isa = PBXNativeTarget;
			buildConfigurationList = C386EDED1A86BE8D000DE78F /* Build configuration list for PBXNativeTarget "PodcasterTests" */;
			buildPhases = (
				C386EDDC1A86BE8D000DE78F /* Sources */,
				C386EDDD1A86BE8D000DE78F /* Frameworks */,
				C386EDDE1A86BE8D000DE78F /* Resources */,
			);
			buildRules = (
			);
			dependencies = (
				C386EDE21A86BE8D000DE78F /* PBXTargetDependency */,
			);
			name = PodcasterTests;
			productName = PodcasterTests;
			productReference = C386EDE01A86BE8D000DE78F /* PodcasterTests.xctest */;
			productType = "com.apple.product-type.bundle.unit-test";
		};
/* End PBXNativeTarget section */

/* Begin PBXProject section */
		C386EDBF1A86BE8C000DE78F /* Project object */ = {
			isa = PBXProject;
			attributes = {
				LastUpgradeCheck = 0610;
				ORGANIZATIONNAME = "Tyler Mikev";
				TargetAttributes = {
					C386EDC61A86BE8C000DE78F = {
						CreatedOnToolsVersion = 6.1;
						DevelopmentTeam = U4FM6R6FKJ;
					};
					C386EDDF1A86BE8D000DE78F = {
						CreatedOnToolsVersion = 6.1;
						TestTargetID = C386EDC61A86BE8C000DE78F;
					};
				};
			};
			buildConfigurationList = C386EDC21A86BE8C000DE78F /* Build configuration list for PBXProject "Podcaster" */;
			compatibilityVersion = "Xcode 3.2";
			developmentRegion = English;
			hasScannedForEncodings = 0;
			knownRegions = (
				en,
				Base,
			);
			mainGroup = C386EDBE1A86BE8C000DE78F;
			productRefGroup = C386EDC81A86BE8D000DE78F /* Products */;
			projectDirPath = "";
			projectRoot = "";
			targets = (
				C386EDC61A86BE8C000DE78F /* Podcaster */,
				C386EDDF1A86BE8D000DE78F /* PodcasterTests */,
			);
		};
/* End PBXProject section */

/* Begin PBXResourcesBuildPhase section */
		C386EDC51A86BE8C000DE78F /* Resources */ = {
			isa = PBXResourcesBuildPhase;
			buildActionMask = 2147483647;
			files = (
				C386EDD61A86BE8D000DE78F /* Main.storyboard in Resources */,
				C386EDDB1A86BE8D000DE78F /* LaunchScreen.xib in Resources */,
				C386EDD81A86BE8D000DE78F /* Images.xcassets in Resources */,
			);
			runOnlyForDeploymentPostprocessing = 0;
		};
		C386EDDE1A86BE8D000DE78F /* Resources */ = {
			isa = PBXResourcesBuildPhase;
			buildActionMask = 2147483647;
			files = (
			);
			runOnlyForDeploymentPostprocessing = 0;
		};
/* End PBXResourcesBuildPhase section */

/* Begin PBXSourcesBuildPhase section */
		C386EDC31A86BE8C000DE78F /* Sources */ = {
			isa = PBXSourcesBuildPhase;
			buildActionMask = 2147483647;
			files = (
				C3A47B161AB3D6F600613E6F /* TMPodcastTableViewCell.m in Sources */,
				C386EE001A86F563000DE78F /* TMMark.m in Sources */,
				C3A47B131AB3D54700613E6F /* TMPodcastsTableViewController.m in Sources */,
				C386EDD01A86BE8D000DE78F /* AppDelegate.m in Sources */,
				C37D27AE1AD0A4C9009AE39A /* TMPodcastEpisodeHeaderTableViewCell.m in Sources */,
				C3A47B0A1AACF7A200613E6F /* TMDownloadManager.m in Sources */,
				C3CE48651AAC0E0600085513 /* TMPodcastEpisodesTableViewController.m in Sources */,
				C3A47B101AB3C06B00613E6F /* TMiTunesResponse.m in Sources */,
				C37D27A91ACF8820009AE39A /* XMLReader.m in Sources */,
				C3CE48541AAA71E900085513 /* TMAudioPlayerManager.m in Sources */,
				C386EDCD1A86BE8D000DE78F /* main.m in Sources */,
				C3CE48621AABF95F00085513 /* TMPodcastEpisode.m in Sources */,
				C3CE48691AAC113800085513 /* TMPodcastEpisodesTableViewCell.m in Sources */,
				C3CE485F1AABF94100085513 /* TMPodcast.m in Sources */,
				C3CE48571AABEE2300085513 /* TMPodcastsManager.m in Sources */,
				C3A47B0D1AAFCF1E00613E6F /* TMAudioPlayerViewController.m in Sources */,
			);
			runOnlyForDeploymentPostprocessing = 0;
		};
		C386EDDC1A86BE8D000DE78F /* Sources */ = {
			isa = PBXSourcesBuildPhase;
			buildActionMask = 2147483647;
			files = (
				C386EDE71A86BE8D000DE78F /* PodcasterTests.m in Sources */,
			);
			runOnlyForDeploymentPostprocessing = 0;
		};
/* End PBXSourcesBuildPhase section */

/* Begin PBXTargetDependency section */
		C386EDE21A86BE8D000DE78F /* PBXTargetDependency */ = {
			isa = PBXTargetDependency;
			target = C386EDC61A86BE8C000DE78F /* Podcaster */;
			targetProxy = C386EDE11A86BE8D000DE78F /* PBXContainerItemProxy */;
		};
/* End PBXTargetDependency section */

/* Begin PBXVariantGroup section */
		C386EDD41A86BE8D000DE78F /* Main.storyboard */ = {
			isa = PBXVariantGroup;
			children = (
				C386EDD51A86BE8D000DE78F /* Base */,
			);
			name = Main.storyboard;
			sourceTree = "<group>";
		};
		C386EDD91A86BE8D000DE78F /* LaunchScreen.xib */ = {
			isa = PBXVariantGroup;
			children = (
				C386EDDA1A86BE8D000DE78F /* Base */,
			);
			name = LaunchScreen.xib;
			sourceTree = "<group>";
		};
/* End PBXVariantGroup section */

/* Begin XCBuildConfiguration section */
		C386EDE81A86BE8D000DE78F /* Debug */ = {
			isa = XCBuildConfiguration;
			buildSettings = {
				ALWAYS_SEARCH_USER_PATHS = NO;
				CLANG_CXX_LANGUAGE_STANDARD = "gnu++0x";
				CLANG_CXX_LIBRARY = "libc++";
				CLANG_ENABLE_MODULES = YES;
				CLANG_ENABLE_OBJC_ARC = YES;
				CLANG_WARN_BOOL_CONVERSION = YES;
				CLANG_WARN_CONSTANT_CONVERSION = YES;
				CLANG_WARN_DIRECT_OBJC_ISA_USAGE = YES_ERROR;
				CLANG_WARN_EMPTY_BODY = YES;
				CLANG_WARN_ENUM_CONVERSION = YES;
				CLANG_WARN_INT_CONVERSION = YES;
				CLANG_WARN_OBJC_ROOT_CLASS = YES_ERROR;
				CLANG_WARN_UNREACHABLE_CODE = YES;
				CLANG_WARN__DUPLICATE_METHOD_MATCH = YES;
				"CODE_SIGN_IDENTITY[sdk=iphoneos*]" = "iPhone Developer";
				COPY_PHASE_STRIP = NO;
				ENABLE_STRICT_OBJC_MSGSEND = YES;
				GCC_C_LANGUAGE_STANDARD = gnu99;
				GCC_DYNAMIC_NO_PIC = NO;
				GCC_OPTIMIZATION_LEVEL = 0;
				GCC_PREPROCESSOR_DEFINITIONS = (
					"DEBUG=1",
					"$(inherited)",
				);
				GCC_SYMBOLS_PRIVATE_EXTERN = NO;
				GCC_WARN_64_TO_32_BIT_CONVERSION = YES;
				GCC_WARN_ABOUT_RETURN_TYPE = YES_ERROR;
				GCC_WARN_UNDECLARED_SELECTOR = YES;
				GCC_WARN_UNINITIALIZED_AUTOS = YES_AGGRESSIVE;
				GCC_WARN_UNUSED_FUNCTION = YES;
				GCC_WARN_UNUSED_VARIABLE = YES;
				IPHONEOS_DEPLOYMENT_TARGET = 8.1;
				MTL_ENABLE_DEBUG_INFO = YES;
				ONLY_ACTIVE_ARCH = YES;
				SDKROOT = iphoneos;
				TARGETED_DEVICE_FAMILY = "1,2";
			};
			name = Debug;
		};
		C386EDE91A86BE8D000DE78F /* Release */ = {
			isa = XCBuildConfiguration;
			buildSettings = {
				ALWAYS_SEARCH_USER_PATHS = NO;
				CLANG_CXX_LANGUAGE_STANDARD = "gnu++0x";
				CLANG_CXX_LIBRARY = "libc++";
				CLANG_ENABLE_MODULES = YES;
				CLANG_ENABLE_OBJC_ARC = YES;
				CLANG_WARN_BOOL_CONVERSION = YES;
				CLANG_WARN_CONSTANT_CONVERSION = YES;
				CLANG_WARN_DIRECT_OBJC_ISA_USAGE = YES_ERROR;
				CLANG_WARN_EMPTY_BODY = YES;
				CLANG_WARN_ENUM_CONVERSION = YES;
				CLANG_WARN_INT_CONVERSION = YES;
				CLANG_WARN_OBJC_ROOT_CLASS = YES_ERROR;
				CLANG_WARN_UNREACHABLE_CODE = YES;
				CLANG_WARN__DUPLICATE_METHOD_MATCH = YES;
				"CODE_SIGN_IDENTITY[sdk=iphoneos*]" = "iPhone Developer";
				COPY_PHASE_STRIP = YES;
				ENABLE_NS_ASSERTIONS = NO;
				ENABLE_STRICT_OBJC_MSGSEND = YES;
				GCC_C_LANGUAGE_STANDARD = gnu99;
				GCC_WARN_64_TO_32_BIT_CONVERSION = YES;
				GCC_WARN_ABOUT_RETURN_TYPE = YES_ERROR;
				GCC_WARN_UNDECLARED_SELECTOR = YES;
				GCC_WARN_UNINITIALIZED_AUTOS = YES_AGGRESSIVE;
				GCC_WARN_UNUSED_FUNCTION = YES;
				GCC_WARN_UNUSED_VARIABLE = YES;
				IPHONEOS_DEPLOYMENT_TARGET = 8.1;
				MTL_ENABLE_DEBUG_INFO = NO;
				SDKROOT = iphoneos;
				TARGETED_DEVICE_FAMILY = "1,2";
				VALIDATE_PRODUCT = YES;
			};
			name = Release;
		};
		C386EDEB1A86BE8D000DE78F /* Debug */ = {
			isa = XCBuildConfiguration;
			buildSettings = {
				ASSETCATALOG_COMPILER_APPICON_NAME = AppIcon;
				CODE_SIGN_IDENTITY = "iPhone Developer";
				INFOPLIST_FILE = Podcaster/Info.plist;
				LD_RUNPATH_SEARCH_PATHS = "$(inherited) @executable_path/Frameworks";
				PRODUCT_NAME = "$(TARGET_NAME)";
			};
			name = Debug;
		};
		C386EDEC1A86BE8D000DE78F /* Release */ = {
			isa = XCBuildConfiguration;
			buildSettings = {
				ASSETCATALOG_COMPILER_APPICON_NAME = AppIcon;
				CODE_SIGN_IDENTITY = "iPhone Developer";
				INFOPLIST_FILE = Podcaster/Info.plist;
				LD_RUNPATH_SEARCH_PATHS = "$(inherited) @executable_path/Frameworks";
				PRODUCT_NAME = "$(TARGET_NAME)";
			};
			name = Release;
		};
		C386EDEE1A86BE8D000DE78F /* Debug */ = {
			isa = XCBuildConfiguration;
			buildSettings = {
				BUNDLE_LOADER = "$(TEST_HOST)";
				FRAMEWORK_SEARCH_PATHS = (
					"$(SDKROOT)/Developer/Library/Frameworks",
					"$(inherited)",
				);
				GCC_PREPROCESSOR_DEFINITIONS = (
					"DEBUG=1",
					"$(inherited)",
				);
				INFOPLIST_FILE = PodcasterTests/Info.plist;
				LD_RUNPATH_SEARCH_PATHS = "$(inherited) @executable_path/Frameworks @loader_path/Frameworks";
				PRODUCT_NAME = "$(TARGET_NAME)";
				TEST_HOST = "$(BUILT_PRODUCTS_DIR)/Podcaster.app/Podcaster";
			};
			name = Debug;
		};
		C386EDEF1A86BE8D000DE78F /* Release */ = {
			isa = XCBuildConfiguration;
			buildSettings = {
				BUNDLE_LOADER = "$(TEST_HOST)";
				FRAMEWORK_SEARCH_PATHS = (
					"$(SDKROOT)/Developer/Library/Frameworks",
					"$(inherited)",
				);
				INFOPLIST_FILE = PodcasterTests/Info.plist;
				LD_RUNPATH_SEARCH_PATHS = "$(inherited) @executable_path/Frameworks @loader_path/Frameworks";
				PRODUCT_NAME = "$(TARGET_NAME)";
				TEST_HOST = "$(BUILT_PRODUCTS_DIR)/Podcaster.app/Podcaster";
			};
			name = Release;
		};
/* End XCBuildConfiguration section */

/* Begin XCConfigurationList section */
		C386EDC21A86BE8C000DE78F /* Build configuration list for PBXProject "Podcaster" */ = {
			isa = XCConfigurationList;
			buildConfigurations = (
				C386EDE81A86BE8D000DE78F /* Debug */,
				C386EDE91A86BE8D000DE78F /* Release */,
			);
			defaultConfigurationIsVisible = 0;
			defaultConfigurationName = Release;
		};
		C386EDEA1A86BE8D000DE78F /* Build configuration list for PBXNativeTarget "Podcaster" */ = {
			isa = XCConfigurationList;
			buildConfigurations = (
				C386EDEB1A86BE8D000DE78F /* Debug */,
				C386EDEC1A86BE8D000DE78F /* Release */,
			);
			defaultConfigurationIsVisible = 0;
			defaultConfigurationName = Release;
		};
		C386EDED1A86BE8D000DE78F /* Build configuration list for PBXNativeTarget "PodcasterTests" */ = {
			isa = XCConfigurationList;
			buildConfigurations = (
				C386EDEE1A86BE8D000DE78F /* Debug */,
				C386EDEF1A86BE8D000DE78F /* Release */,
			);
			defaultConfigurationIsVisible = 0;
			defaultConfigurationName = Release;
		};
/* End XCConfigurationList section */
	};
	rootObject = C386EDBF1A86BE8C000DE78F /* Project object */;
}
